
Microsoft Visual Studio Solution File, Format Version 12.00
# Visual Studio Version 17
VisualStudioVersion = 17.8.34330.188
MinimumVisualStudioVersion = 10.0.40219.1
Project("{FAE04EC0-301F-11D3-BF4B-00C04F79EFBC}") = "HabitTracker.StanimalTheMan", "HabitTracker.StanimalTheMan\HabitTracker.StanimalTheMan.csproj", "{802AB54F-3576-4E6A-BC07-6E4889A4BDC7}"
EndProject
Global
	GlobalSection(SolutionConfigurationPlatforms) = preSolution
		Debug|Any CPU = Debug|Any CPU
		Release|Any CPU = Release|Any CPU
	EndGlobalSection
	GlobalSection(ProjectConfigurationPlatforms) = postSolution
		{802AB54F-3576-4E6A-BC07-6E4889A4BDC7}.Debug|Any CPU.ActiveCfg = Debug|Any CPU
		{802AB54F-3576-4E6A-BC07-6E4889A4BDC7}.Debug|Any CPU.Build.0 = Debug|Any CPU
		{802AB54F-3576-4E6A-BC07-6E4889A4BDC7}.Release|Any CPU.ActiveCfg = Release|Any CPU
		{802AB54F-3576-4E6A-BC07-6E4889A4BDC7}.Release|Any CPU.Build.0 = Release|Any CPU
	EndGlobalSection
	GlobalSection(SolutionProperties) = preSolution
		HideSolutionNode = FALSE
	EndGlobalSection
	GlobalSection(ExtensibilityGlobals) = postSolution
		SolutionGuid = {F37BCB1B-DC3E-46CE-B8C7-D67B9A5A600C}
	EndGlobalSection
EndGlobal
