
Microsoft Visual Studio Solution File, Format Version 12.00
# Visual Studio Version 17
VisualStudioVersion = 17.9.34728.123
MinimumVisualStudioVersion = 10.0.40219.1
Project("{FAE04EC0-301F-11D3-BF4B-00C04F79EFBC}") = "habitLogger.anastasovMario", "habitLogger.anastasovMario.csproj", "{D56AD14D-D965-4BD1-82DD-0621083F1A2A}"
EndProject
Global
	GlobalSection(SolutionConfigurationPlatforms) = preSolution
		Debug|Any CPU = Debug|Any CPU
		Release|Any CPU = Release|Any CPU
	EndGlobalSection
	GlobalSection(ProjectConfigurationPlatforms) = postSolution
		{D56AD14D-D965-4BD1-82DD-0621083F1A2A}.Debug|Any CPU.ActiveCfg = Debug|Any CPU
		{D56AD14D-D965-4BD1-82DD-0621083F1A2A}.Debug|Any CPU.Build.0 = Debug|Any CPU
		{D56AD14D-D965-4BD1-82DD-0621083F1A2A}.Release|Any CPU.ActiveCfg = Release|Any CPU
		{D56AD14D-D965-4BD1-82DD-0621083F1A2A}.Release|Any CPU.Build.0 = Release|Any CPU
	EndGlobalSection
	GlobalSection(SolutionProperties) = preSolution
		HideSolutionNode = FALSE
	EndGlobalSection
	GlobalSection(ExtensibilityGlobals) = postSolution
		SolutionGuid = {4C8CBAC9-7B39-4EAF-B2C1-0244C2F05238}
	EndGlobalSection
EndGlobal
