
Microsoft Visual Studio Solution File, Format Version 12.00
# Visual Studio Version 17
VisualStudioVersion = 17.5.002.0
MinimumVisualStudioVersion = 10.0.40219.1
Project("{9A19103F-16F7-4668-BE54-9A1E7A4F7556}") = "HabitTracker.kwm0304", "HabitTracker.kwm0304.csproj", "{0FA7D857-42FB-42B8-B7CC-EFFA1423931B}"
EndProject
Global
	GlobalSection(SolutionConfigurationPlatforms) = preSolution
		Debug|Any CPU = Debug|Any CPU
		Release|Any CPU = Release|Any CPU
	EndGlobalSection
	GlobalSection(ProjectConfigurationPlatforms) = postSolution
		{0FA7D857-42FB-42B8-B7CC-EFFA1423931B}.Debug|Any CPU.ActiveCfg = Debug|Any CPU
		{0FA7D857-42FB-42B8-B7CC-EFFA1423931B}.Debug|Any CPU.Build.0 = Debug|Any CPU
		{0FA7D857-42FB-42B8-B7CC-EFFA1423931B}.Release|Any CPU.ActiveCfg = Release|Any CPU
		{0FA7D857-42FB-42B8-B7CC-EFFA1423931B}.Release|Any CPU.Build.0 = Release|Any CPU
	EndGlobalSection
	GlobalSection(SolutionProperties) = preSolution
		HideSolutionNode = FALSE
	EndGlobalSection
	GlobalSection(ExtensibilityGlobals) = postSolution
		SolutionGuid = {F32BC44F-B11A-4E67-BF1D-2D7C1500C6E5}
	EndGlobalSection
EndGlobal
