
Microsoft Visual Studio Solution File, Format Version 12.00
# Visual Studio Version 17
VisualStudioVersion = 17.5.002.0
MinimumVisualStudioVersion = 10.0.40219.1
Project("{9A19103F-16F7-4668-BE54-9A1E7A4F7556}") = "HabitTracker", "HabitTracker\HabitTracker.csproj", "{A1032F46-DC64-4630-B430-7BCEB701A3F0}"
EndProject
Global
	GlobalSection(SolutionConfigurationPlatforms) = preSolution
		Debug|Any CPU = Debug|Any CPU
		Release|Any CPU = Release|Any CPU
	EndGlobalSection
	GlobalSection(ProjectConfigurationPlatforms) = postSolution
		{A1032F46-DC64-4630-B430-7BCEB701A3F0}.Debug|Any CPU.ActiveCfg = Debug|Any CPU
		{A1032F46-DC64-4630-B430-7BCEB701A3F0}.Debug|Any CPU.Build.0 = Debug|Any CPU
		{A1032F46-DC64-4630-B430-7BCEB701A3F0}.Release|Any CPU.ActiveCfg = Release|Any CPU
		{A1032F46-DC64-4630-B430-7BCEB701A3F0}.Release|Any CPU.Build.0 = Release|Any CPU
	EndGlobalSection
	GlobalSection(SolutionProperties) = preSolution
		HideSolutionNode = FALSE
	EndGlobalSection
	GlobalSection(ExtensibilityGlobals) = postSolution
		SolutionGuid = {25B5DE78-6A4A-44AB-98AD-79EC7E9E657E}
	EndGlobalSection
EndGlobal
