
Microsoft Visual Studio Solution File, Format Version 12.00
# Visual Studio Version 17
VisualStudioVersion = 17.13.35818.85 d17.13
MinimumVisualStudioVersion = 10.0.40219.1
Project("{FAE04EC0-301F-11D3-BF4B-00C04F79EFBC}") = "CodeReviews.Console.HabitTracker.selnoom", "CodeReviews.Console.HabitTracker.selnoom\CodeReviews.Console.HabitTracker.selnoom.csproj", "{66FBAAE8-324D-45C1-AC7D-31984F9FE449}"
EndProject
Global
	GlobalSection(SolutionConfigurationPlatforms) = preSolution
		Debug|Any CPU = Debug|Any CPU
		Release|Any CPU = Release|Any CPU
	EndGlobalSection
	GlobalSection(ProjectConfigurationPlatforms) = postSolution
		{66FBAAE8-324D-45C1-AC7D-31984F9FE449}.Debug|Any CPU.ActiveCfg = Debug|Any CPU
		{66FBAAE8-324D-45C1-AC7D-31984F9FE449}.Debug|Any CPU.Build.0 = Debug|Any CPU
		{66FBAAE8-324D-45C1-AC7D-31984F9FE449}.Release|Any CPU.ActiveCfg = Release|Any CPU
		{66FBAAE8-324D-45C1-AC7D-31984F9FE449}.Release|Any CPU.Build.0 = Release|Any CPU
	EndGlobalSection
	GlobalSection(SolutionProperties) = preSolution
		HideSolutionNode = FALSE
	EndGlobalSection
	GlobalSection(ExtensibilityGlobals) = postSolution
		SolutionGuid = {4F3F159E-BAC8-4E9B-AA93-18777A56191E}
	EndGlobalSection
EndGlobal
