
Microsoft Visual Studio Solution File, Format Version 12.00
# Visual Studio Version 17
VisualStudioVersion = 17.9.34622.214
MinimumVisualStudioVersion = 10.0.40219.1
Project("{FAE04EC0-301F-11D3-BF4B-00C04F79EFBC}") = "Habit-Tracker.mothnue.Client", "Habit-Tracker.mothnue.Client\Habit-Tracker.mothnue.Client.csproj", "{6138510C-7540-4163-B0AF-BEFFE8639FF7}"
EndProject
Project("{FAE04EC0-301F-11D3-BF4B-00C04F79EFBC}") = "Habit-Tracker.mothnue.Logic", "Habit-Tracker.mothnue.Logic\Habit-Tracker.mothnue.Logic.csproj", "{AC702E52-EB78-4B65-A607-18ADC22373E7}"
EndProject
Global
	GlobalSection(SolutionConfigurationPlatforms) = preSolution
		Debug|Any CPU = Debug|Any CPU
		Release|Any CPU = Release|Any CPU
	EndGlobalSection
	GlobalSection(ProjectConfigurationPlatforms) = postSolution
		{6138510C-7540-4163-B0AF-BEFFE8639FF7}.Debug|Any CPU.ActiveCfg = Debug|Any CPU
		{6138510C-7540-4163-B0AF-BEFFE8639FF7}.Debug|Any CPU.Build.0 = Debug|Any CPU
		{6138510C-7540-4163-B0AF-BEFFE8639FF7}.Release|Any CPU.ActiveCfg = Release|Any CPU
		{6138510C-7540-4163-B0AF-BEFFE8639FF7}.Release|Any CPU.Build.0 = Release|Any CPU
		{AC702E52-EB78-4B65-A607-18ADC22373E7}.Debug|Any CPU.ActiveCfg = Debug|Any CPU
		{AC702E52-EB78-4B65-A607-18ADC22373E7}.Debug|Any CPU.Build.0 = Debug|Any CPU
		{AC702E52-EB78-4B65-A607-18ADC22373E7}.Release|Any CPU.ActiveCfg = Release|Any CPU
		{AC702E52-EB78-4B65-A607-18ADC22373E7}.Release|Any CPU.Build.0 = Release|Any CPU
	EndGlobalSection
	GlobalSection(SolutionProperties) = preSolution
		HideSolutionNode = FALSE
	EndGlobalSection
	GlobalSection(ExtensibilityGlobals) = postSolution
		SolutionGuid = {9C06B42D-D72E-4939-B621-11A5B5AD5541}
	EndGlobalSection
EndGlobal
