
Microsoft Visual Studio Solution File, Format Version 12.00
# Visual Studio Version 17
VisualStudioVersion = 17.14.36127.28 d17.14
MinimumVisualStudioVersion = 10.0.40219.1
Project("{FAE04EC0-301F-11D3-BF4B-00C04F79EFBC}") = "HabitTracker.SheheryarRaza", "HabitTracker.SheheryarRaza.csproj", "{9B0E0583-9F7A-414E-A8DF-9C431AF517B0}"
EndProject
Global
	GlobalSection(SolutionConfigurationPlatforms) = preSolution
		Debug|Any CPU = Debug|Any CPU
		Release|Any CPU = Release|Any CPU
	EndGlobalSection
	GlobalSection(ProjectConfigurationPlatforms) = postSolution
		{9B0E0583-9F7A-414E-A8DF-9C431AF517B0}.Debug|Any CPU.ActiveCfg = Debug|Any CPU
		{9B0E0583-9F7A-414E-A8DF-9C431AF517B0}.Debug|Any CPU.Build.0 = Debug|Any CPU
		{9B0E0583-9F7A-414E-A8DF-9C431AF517B0}.Release|Any CPU.ActiveCfg = Release|Any CPU
		{9B0E0583-9F7A-414E-A8DF-9C431AF517B0}.Release|Any CPU.Build.0 = Release|Any CPU
	EndGlobalSection
	GlobalSection(SolutionProperties) = preSolution
		HideSolutionNode = FALSE
	EndGlobalSection
	GlobalSection(ExtensibilityGlobals) = postSolution
		SolutionGuid = {C2EAB330-4D90-4D1D-B173-D91347F37E3D}
	EndGlobalSection
EndGlobal
