
Microsoft Visual Studio Solution File, Format Version 12.00
# Visual Studio Version 17
VisualStudioVersion = 17.11.35327.3
MinimumVisualStudioVersion = 10.0.40219.1
Project("{9A19103F-16F7-4668-BE54-9A1E7A4F7556}") = "HabitTracker_ConsoleApp", "HabitTracker_ConsoleApp.csproj", "{3A7D09B2-881D-4C0B-8AC4-9540B73B6372}"
EndProject
Global
	GlobalSection(SolutionConfigurationPlatforms) = preSolution
		Debug|Any CPU = Debug|Any CPU
		Release|Any CPU = Release|Any CPU
	EndGlobalSection
	GlobalSection(ProjectConfigurationPlatforms) = postSolution
		{3A7D09B2-881D-4C0B-8AC4-9540B73B6372}.Debug|Any CPU.ActiveCfg = Debug|Any CPU
		{3A7D09B2-881D-4C0B-8AC4-9540B73B6372}.Debug|Any CPU.Build.0 = Debug|Any CPU
		{3A7D09B2-881D-4C0B-8AC4-9540B73B6372}.Release|Any CPU.ActiveCfg = Release|Any CPU
		{3A7D09B2-881D-4C0B-8AC4-9540B73B6372}.Release|Any CPU.Build.0 = Release|Any CPU
	EndGlobalSection
	GlobalSection(SolutionProperties) = preSolution
		HideSolutionNode = FALSE
	EndGlobalSection
	GlobalSection(ExtensibilityGlobals) = postSolution
		SolutionGuid = {F95DCB6F-C7DB-4B36-8E90-7FA879D70FAB}
	EndGlobalSection
EndGlobal
