
Microsoft Visual Studio Solution File, Format Version 12.00
# Visual Studio Version 17
VisualStudioVersion = 17.10.35013.160
MinimumVisualStudioVersion = 10.0.40219.1
Project("{FAE04EC0-301F-11D3-BF4B-00C04F79EFBC}") = "HabitTracker.AlvinG", "HabitTracker.AlvinG\HabitTracker.AlvinG.csproj", "{CBC3F9E5-DFF1-4CD8-9E5C-9D0EE680FDF4}"
EndProject
Global
	GlobalSection(SolutionConfigurationPlatforms) = preSolution
		Debug|Any CPU = Debug|Any CPU
		Release|Any CPU = Release|Any CPU
	EndGlobalSection
	GlobalSection(ProjectConfigurationPlatforms) = postSolution
		{CBC3F9E5-DFF1-4CD8-9E5C-9D0EE680FDF4}.Debug|Any CPU.ActiveCfg = Debug|Any CPU
		{CBC3F9E5-DFF1-4CD8-9E5C-9D0EE680FDF4}.Debug|Any CPU.Build.0 = Debug|Any CPU
		{CBC3F9E5-DFF1-4CD8-9E5C-9D0EE680FDF4}.Release|Any CPU.ActiveCfg = Release|Any CPU
		{CBC3F9E5-DFF1-4CD8-9E5C-9D0EE680FDF4}.Release|Any CPU.Build.0 = Release|Any CPU
	EndGlobalSection
	GlobalSection(SolutionProperties) = preSolution
		HideSolutionNode = FALSE
	EndGlobalSection
	GlobalSection(ExtensibilityGlobals) = postSolution
		SolutionGuid = {F2A69858-8F1D-496B-A326-9B7852C30940}
	EndGlobalSection
EndGlobal
