
Microsoft Visual Studio Solution File, Format Version 12.00
# Visual Studio Version 17
VisualStudioVersion = 17.9.34728.123
MinimumVisualStudioVersion = 10.0.40219.1
Project("{9A19103F-16F7-4668-BE54-9A1E7A4F7556}") = "HabitTracker", "HabitTracker\HabitTracker.csproj", "{C2FACF02-500B-472C-BBD8-755C6E8D6805}"
EndProject
Project("{FAE04EC0-301F-11D3-BF4B-00C04F79EFBC}") = "HabitTrackerTests", "HabitTrackerTests\HabitTrackerTests.csproj", "{8B480A4A-FB1D-45B7-B7F7-D0374CD63839}"
EndProject
Project("{2150E333-8FDC-42A3-9474-1A3956D46DE8}") = "Solution Items", "Solution Items", "{C30FBEEC-DCD7-4962-B13B-CB3E79E7CC07}"
	ProjectSection(SolutionItems) = preProject
		README.md = README.md
	EndProjectSection
EndProject
Global
	GlobalSection(SolutionConfigurationPlatforms) = preSolution
		Debug|Any CPU = Debug|Any CPU
		Release|Any CPU = Release|Any CPU
	EndGlobalSection
	GlobalSection(ProjectConfigurationPlatforms) = postSolution
		{C2FACF02-500B-472C-BBD8-755C6E8D6805}.Debug|Any CPU.ActiveCfg = Debug|Any CPU
		{C2FACF02-500B-472C-BBD8-755C6E8D6805}.Debug|Any CPU.Build.0 = Debug|Any CPU
		{C2FACF02-500B-472C-BBD8-755C6E8D6805}.Release|Any CPU.ActiveCfg = Release|Any CPU
		{C2FACF02-500B-472C-BBD8-755C6E8D6805}.Release|Any CPU.Build.0 = Release|Any CPU
		{8B480A4A-FB1D-45B7-B7F7-D0374CD63839}.Debug|Any CPU.ActiveCfg = Debug|Any CPU
		{8B480A4A-FB1D-45B7-B7F7-D0374CD63839}.Debug|Any CPU.Build.0 = Debug|Any CPU
		{8B480A4A-FB1D-45B7-B7F7-D0374CD63839}.Release|Any CPU.ActiveCfg = Release|Any CPU
		{8B480A4A-FB1D-45B7-B7F7-D0374CD63839}.Release|Any CPU.Build.0 = Release|Any CPU
	EndGlobalSection
	GlobalSection(SolutionProperties) = preSolution
		HideSolutionNode = FALSE
	EndGlobalSection
	GlobalSection(ExtensibilityGlobals) = postSolution
		SolutionGuid = {59E78B4B-4B1C-436B-9B90-F738191BF808}
	EndGlobalSection
EndGlobal
