
Microsoft Visual Studio Solution File, Format Version 12.00
# Visual Studio Version 17
VisualStudioVersion = 17.7.34031.279
MinimumVisualStudioVersion = 10.0.40219.1
Project("{FAE04EC0-301F-11D3-BF4B-00C04F79EFBC}") = "HabitTracker.iGoodw1n", "HabitTracker.iGoodw1n\HabitTracker.iGoodw1n.csproj", "{94B444A6-B8EB-453B-BE05-DA9D75938384}"
EndProject
Global
	GlobalSection(SolutionConfigurationPlatforms) = preSolution
		Debug|Any CPU = Debug|Any CPU
		Release|Any CPU = Release|Any CPU
	EndGlobalSection
	GlobalSection(ProjectConfigurationPlatforms) = postSolution
		{94B444A6-B8EB-453B-BE05-DA9D75938384}.Debug|Any CPU.ActiveCfg = Debug|Any CPU
		{94B444A6-B8EB-453B-BE05-DA9D75938384}.Debug|Any CPU.Build.0 = Debug|Any CPU
		{94B444A6-B8EB-453B-BE05-DA9D75938384}.Release|Any CPU.ActiveCfg = Release|Any CPU
		{94B444A6-B8EB-453B-BE05-DA9D75938384}.Release|Any CPU.Build.0 = Release|Any CPU
	EndGlobalSection
	GlobalSection(SolutionProperties) = preSolution
		HideSolutionNode = FALSE
	EndGlobalSection
	GlobalSection(ExtensibilityGlobals) = postSolution
		SolutionGuid = {543EC4C6-C737-4DF7-81F4-2752200688E2}
	EndGlobalSection
EndGlobal
