
Microsoft Visual Studio Solution File, Format Version 12.00
# Visual Studio Version 17
VisualStudioVersion = 17.12.35527.113
MinimumVisualStudioVersion = 10.0.40219.1
Project("{FAE04EC0-301F-11D3-BF4B-00C04F79EFBC}") = "Alvind0.HabitTracker", "Alvind0.HabitTracker\Alvind0.HabitTracker.csproj", "{D61E03BA-A2C6-499D-BC34-624748E06AE4}"
EndProject
Global
	GlobalSection(SolutionConfigurationPlatforms) = preSolution
		Debug|Any CPU = Debug|Any CPU
		Release|Any CPU = Release|Any CPU
	EndGlobalSection
	GlobalSection(ProjectConfigurationPlatforms) = postSolution
		{D61E03BA-A2C6-499D-BC34-624748E06AE4}.Debug|Any CPU.ActiveCfg = Debug|Any CPU
		{D61E03BA-A2C6-499D-BC34-624748E06AE4}.Debug|Any CPU.Build.0 = Debug|Any CPU
		{D61E03BA-A2C6-499D-BC34-624748E06AE4}.Release|Any CPU.ActiveCfg = Release|Any CPU
		{D61E03BA-A2C6-499D-BC34-624748E06AE4}.Release|Any CPU.Build.0 = Release|Any CPU
	EndGlobalSection
	GlobalSection(SolutionProperties) = preSolution
		HideSolutionNode = FALSE
	EndGlobalSection
EndGlobal
