
Microsoft Visual Studio Solution File, Format Version 12.00
# Visual Studio Version 17
VisualStudioVersion = 17.5.002.0
MinimumVisualStudioVersion = 10.0.40219.1
Project("{9A19103F-16F7-4668-BE54-9A1E7A4F7556}") = "JerryCheong.HabitTracker", "JerryCheong.HabitTracker\JerryCheong.HabitTracker.csproj", "{942F7EDC-9532-4C9C-8279-6FB49F5B230E}"
EndProject
Project("{FAE04EC0-301F-11D3-BF4B-00C04F79EFBC}") = "ConnectionLibrary", "ConnectionLibrary\ConnectionLibrary.csproj", "{222C0BCA-17CA-4917-94F9-52E327E61D9D}"
EndProject
Project("{FAE04EC0-301F-11D3-BF4B-00C04F79EFBC}") = "TerminalGUILibrary", "TerminalGUILibrary\TerminalGUILibrary.csproj", "{1E4B79AF-51E6-4D58-B4E3-B3E5FEFE2B94}"
EndProject
Global
	GlobalSection(SolutionConfigurationPlatforms) = preSolution
		Debug|Any CPU = Debug|Any CPU
		Release|Any CPU = Release|Any CPU
	EndGlobalSection
	GlobalSection(ProjectConfigurationPlatforms) = postSolution
		{942F7EDC-9532-4C9C-8279-6FB49F5B230E}.Debug|Any CPU.ActiveCfg = Debug|Any CPU
		{942F7EDC-9532-4C9C-8279-6FB49F5B230E}.Debug|Any CPU.Build.0 = Debug|Any CPU
		{942F7EDC-9532-4C9C-8279-6FB49F5B230E}.Release|Any CPU.ActiveCfg = Release|Any CPU
		{942F7EDC-9532-4C9C-8279-6FB49F5B230E}.Release|Any CPU.Build.0 = Release|Any CPU
		{222C0BCA-17CA-4917-94F9-52E327E61D9D}.Debug|Any CPU.ActiveCfg = Debug|Any CPU
		{222C0BCA-17CA-4917-94F9-52E327E61D9D}.Debug|Any CPU.Build.0 = Debug|Any CPU
		{222C0BCA-17CA-4917-94F9-52E327E61D9D}.Release|Any CPU.ActiveCfg = Release|Any CPU
		{222C0BCA-17CA-4917-94F9-52E327E61D9D}.Release|Any CPU.Build.0 = Release|Any CPU
		{1E4B79AF-51E6-4D58-B4E3-B3E5FEFE2B94}.Debug|Any CPU.ActiveCfg = Debug|Any CPU
		{1E4B79AF-51E6-4D58-B4E3-B3E5FEFE2B94}.Debug|Any CPU.Build.0 = Debug|Any CPU
		{1E4B79AF-51E6-4D58-B4E3-B3E5FEFE2B94}.Release|Any CPU.ActiveCfg = Release|Any CPU
		{1E4B79AF-51E6-4D58-B4E3-B3E5FEFE2B94}.Release|Any CPU.Build.0 = Release|Any CPU
	EndGlobalSection
	GlobalSection(SolutionProperties) = preSolution
		HideSolutionNode = FALSE
	EndGlobalSection
	GlobalSection(ExtensibilityGlobals) = postSolution
		SolutionGuid = {4716A763-3E04-47A9-BB20-25241F5B97FD}
	EndGlobalSection
EndGlobal
