
Microsoft Visual Studio Solution File, Format Version 12.00
# Visual Studio Version 17
VisualStudioVersion = 17.14.36301.6 d17.14
MinimumVisualStudioVersion = 10.0.40219.1
Project("{FAE04EC0-301F-11D3-BF4B-00C04F79EFBC}") = "HabitLogger", "HabitLogger\HabitLogger.csproj", "{24851DB7-0AA1-4074-9B92-5F21A27D0323}"
EndProject
Global
	GlobalSection(SolutionConfigurationPlatforms) = preSolution
		Debug|Any CPU = Debug|Any CPU
		Release|Any CPU = Release|Any CPU
	EndGlobalSection
	GlobalSection(ProjectConfigurationPlatforms) = postSolution
		{24851DB7-0AA1-4074-9B92-5F21A27D0323}.Debug|Any CPU.ActiveCfg = Debug|Any CPU
		{24851DB7-0AA1-4074-9B92-5F21A27D0323}.Debug|Any CPU.Build.0 = Debug|Any CPU
		{24851DB7-0AA1-4074-9B92-5F21A27D0323}.Release|Any CPU.ActiveCfg = Release|Any CPU
		{24851DB7-0AA1-4074-9B92-5F21A27D0323}.Release|Any CPU.Build.0 = Release|Any CPU
	EndGlobalSection
	GlobalSection(SolutionProperties) = preSolution
		HideSolutionNode = FALSE
	EndGlobalSection
	GlobalSection(ExtensibilityGlobals) = postSolution
		SolutionGuid = {842FA09F-1227-40F4-BE3D-243D96295F96}
	EndGlobalSection
EndGlobal
