
Microsoft Visual Studio Solution File, Format Version 12.00
# Visual Studio Version 17
VisualStudioVersion = 17.13.35806.99 d17.13
MinimumVisualStudioVersion = 10.0.40219.1
Project("{FAE04EC0-301F-11D3-BF4B-00C04F79EFBC}") = "HabitLogger.RyanW84", "HabitLogger.RyanW84.csproj", "{1EFAD44C-49CF-408D-838D-3FA408A292A5}"
EndProject
Global
	GlobalSection(SolutionConfigurationPlatforms) = preSolution
		Debug|Any CPU = Debug|Any CPU
		Release|Any CPU = Release|Any CPU
	EndGlobalSection
	GlobalSection(ProjectConfigurationPlatforms) = postSolution
		{1EFAD44C-49CF-408D-838D-3FA408A292A5}.Debug|Any CPU.ActiveCfg = Debug|Any CPU
		{1EFAD44C-49CF-408D-838D-3FA408A292A5}.Debug|Any CPU.Build.0 = Debug|Any CPU
		{1EFAD44C-49CF-408D-838D-3FA408A292A5}.Release|Any CPU.ActiveCfg = Release|Any CPU
		{1EFAD44C-49CF-408D-838D-3FA408A292A5}.Release|Any CPU.Build.0 = Release|Any CPU
	EndGlobalSection
	GlobalSection(SolutionProperties) = preSolution
		HideSolutionNode = FALSE
	EndGlobalSection
	GlobalSection(ExtensibilityGlobals) = postSolution
		SolutionGuid = {29E4965E-BA0F-4F1D-B55F-5EEDED8EC7DF}
	EndGlobalSection
EndGlobal
