
Microsoft Visual Studio Solution File, Format Version 12.00
# Visual Studio Version 17
VisualStudioVersion = 17.8.34511.84
MinimumVisualStudioVersion = 10.0.40219.1
Project("{9A19103F-16F7-4668-BE54-9A1E7A4F7556}") = "ConsoleUI", "ConsoleUI\ConsoleUI.csproj", "{51F708A7-690D-479A-828B-3CFB4B426100}"
EndProject
Project("{9A19103F-16F7-4668-BE54-9A1E7A4F7556}") = "Repository", "Repository\Repository.csproj", "{44A7FD31-4A11-4A94-BA54-3D8E4693BD8A}"
EndProject
Project("{9A19103F-16F7-4668-BE54-9A1E7A4F7556}") = "Models", "Models\Models.csproj", "{CDD8990B-F779-4999-AA4D-38C734DB730B}"
EndProject
Project("{9A19103F-16F7-4668-BE54-9A1E7A4F7556}") = "Services", "Services\Services.csproj", "{C346EB4D-B59A-46F3-84F7-0E01E2F88C9C}"
EndProject
Project("{FAE04EC0-301F-11D3-BF4B-00C04F79EFBC}") = "HabitLoggerUnitTests", "HabitLoggerUnitTests\HabitLoggerUnitTests.csproj", "{15B56A1D-659A-4E06-8132-60C0CB39764F}"
EndProject
Global
	GlobalSection(SolutionConfigurationPlatforms) = preSolution
		Debug|Any CPU = Debug|Any CPU
		Release|Any CPU = Release|Any CPU
	EndGlobalSection
	GlobalSection(ProjectConfigurationPlatforms) = postSolution
		{51F708A7-690D-479A-828B-3CFB4B426100}.Debug|Any CPU.ActiveCfg = Debug|Any CPU
		{51F708A7-690D-479A-828B-3CFB4B426100}.Debug|Any CPU.Build.0 = Debug|Any CPU
		{51F708A7-690D-479A-828B-3CFB4B426100}.Release|Any CPU.ActiveCfg = Release|Any CPU
		{51F708A7-690D-479A-828B-3CFB4B426100}.Release|Any CPU.Build.0 = Release|Any CPU
		{44A7FD31-4A11-4A94-BA54-3D8E4693BD8A}.Debug|Any CPU.ActiveCfg = Debug|Any CPU
		{44A7FD31-4A11-4A94-BA54-3D8E4693BD8A}.Debug|Any CPU.Build.0 = Debug|Any CPU
		{44A7FD31-4A11-4A94-BA54-3D8E4693BD8A}.Release|Any CPU.ActiveCfg = Release|Any CPU
		{44A7FD31-4A11-4A94-BA54-3D8E4693BD8A}.Release|Any CPU.Build.0 = Release|Any CPU
		{CDD8990B-F779-4999-AA4D-38C734DB730B}.Debug|Any CPU.ActiveCfg = Debug|Any CPU
		{CDD8990B-F779-4999-AA4D-38C734DB730B}.Debug|Any CPU.Build.0 = Debug|Any CPU
		{CDD8990B-F779-4999-AA4D-38C734DB730B}.Release|Any CPU.ActiveCfg = Release|Any CPU
		{CDD8990B-F779-4999-AA4D-38C734DB730B}.Release|Any CPU.Build.0 = Release|Any CPU
		{C346EB4D-B59A-46F3-84F7-0E01E2F88C9C}.Debug|Any CPU.ActiveCfg = Debug|Any CPU
		{C346EB4D-B59A-46F3-84F7-0E01E2F88C9C}.Debug|Any CPU.Build.0 = Debug|Any CPU
		{C346EB4D-B59A-46F3-84F7-0E01E2F88C9C}.Release|Any CPU.ActiveCfg = Release|Any CPU
		{C346EB4D-B59A-46F3-84F7-0E01E2F88C9C}.Release|Any CPU.Build.0 = Release|Any CPU
		{15B56A1D-659A-4E06-8132-60C0CB39764F}.Debug|Any CPU.ActiveCfg = Debug|Any CPU
		{15B56A1D-659A-4E06-8132-60C0CB39764F}.Debug|Any CPU.Build.0 = Debug|Any CPU
		{15B56A1D-659A-4E06-8132-60C0CB39764F}.Release|Any CPU.ActiveCfg = Release|Any CPU
		{15B56A1D-659A-4E06-8132-60C0CB39764F}.Release|Any CPU.Build.0 = Release|Any CPU
	EndGlobalSection
	GlobalSection(SolutionProperties) = preSolution
		HideSolutionNode = FALSE
	EndGlobalSection
	GlobalSection(ExtensibilityGlobals) = postSolution
		SolutionGuid = {5854DD4C-9A44-44A1-8D33-F52051AED869}
	EndGlobalSection
EndGlobal
