
Microsoft Visual Studio Solution File, Format Version 12.00
# Visual Studio Version 17
VisualStudioVersion = 17.5.002.0
MinimumVisualStudioVersion = 10.0.40219.1
Project("{9A19103F-16F7-4668-BE54-9A1E7A4F7556}") = "habit-tracker", "HabitTracker.Radicals27\habit-tracker.csproj", "{E46D0658-3590-4144-82BE-0BE004EB0DEB}"
EndProject
Global
	GlobalSection(SolutionConfigurationPlatforms) = preSolution
		Debug|Any CPU = Debug|Any CPU
		Release|Any CPU = Release|Any CPU
	EndGlobalSection
	GlobalSection(ProjectConfigurationPlatforms) = postSolution
		{E46D0658-3590-4144-82BE-0BE004EB0DEB}.Debug|Any CPU.ActiveCfg = Debug|Any CPU
		{E46D0658-3590-4144-82BE-0BE004EB0DEB}.Debug|Any CPU.Build.0 = Debug|Any CPU
		{E46D0658-3590-4144-82BE-0BE004EB0DEB}.Release|Any CPU.ActiveCfg = Release|Any CPU
		{E46D0658-3590-4144-82BE-0BE004EB0DEB}.Release|Any CPU.Build.0 = Release|Any CPU
	EndGlobalSection
	GlobalSection(SolutionProperties) = preSolution
		HideSolutionNode = FALSE
	EndGlobalSection
	GlobalSection(ExtensibilityGlobals) = postSolution
		SolutionGuid = {6C61C430-3913-419B-9CC9-8722980E5DD8}
	EndGlobalSection
EndGlobal
