
Microsoft Visual Studio Solution File, Format Version 12.00
# Visual Studio Version 17
VisualStudioVersion = 17.5.002.0
MinimumVisualStudioVersion = 10.0.40219.1
Project("{9A19103F-16F7-4668-BE54-9A1E7A4F7556}") = "habit-tracker", "habit-tracker.csproj", "{1C0AFDE1-961F-44A0-89F8-63966CED9BB2}"
EndProject
Global
	GlobalSection(SolutionConfigurationPlatforms) = preSolution
		Debug|Any CPU = Debug|Any CPU
		Release|Any CPU = Release|Any CPU
	EndGlobalSection
	GlobalSection(ProjectConfigurationPlatforms) = postSolution
		{1C0AFDE1-961F-44A0-89F8-63966CED9BB2}.Debug|Any CPU.ActiveCfg = Debug|Any CPU
		{1C0AFDE1-961F-44A0-89F8-63966CED9BB2}.Debug|Any CPU.Build.0 = Debug|Any CPU
		{1C0AFDE1-961F-44A0-89F8-63966CED9BB2}.Release|Any CPU.ActiveCfg = Release|Any CPU
		{1C0AFDE1-961F-44A0-89F8-63966CED9BB2}.Release|Any CPU.Build.0 = Release|Any CPU
	EndGlobalSection
	GlobalSection(SolutionProperties) = preSolution
		HideSolutionNode = FALSE
	EndGlobalSection
	GlobalSection(ExtensibilityGlobals) = postSolution
		SolutionGuid = {1833C3E7-7736-4ECA-BCD3-7A28D5510631}
	EndGlobalSection
EndGlobal
