
Microsoft Visual Studio Solution File, Format Version 12.00
Project("{FAE04EC0-301F-11D3-BF4B-00C04F79EFBC}") = "HabitLoggerApp", "HabitLoggerApp\HabitLoggerApp.csproj", "{1ECCD3F7-62E5-4888-AE98-9453939B2C72}"
EndProject
Global
	GlobalSection(SolutionConfigurationPlatforms) = preSolution
		Debug|Any CPU = Debug|Any CPU
		Release|Any CPU = Release|Any CPU
	EndGlobalSection
	GlobalSection(ProjectConfigurationPlatforms) = postSolution
		{1ECCD3F7-62E5-4888-AE98-9453939B2C72}.Debug|Any CPU.ActiveCfg = Debug|Any CPU
		{1ECCD3F7-62E5-4888-AE98-9453939B2C72}.Debug|Any CPU.Build.0 = Debug|Any CPU
		{1ECCD3F7-62E5-4888-AE98-9453939B2C72}.Release|Any CPU.ActiveCfg = Release|Any CPU
		{1ECCD3F7-62E5-4888-AE98-9453939B2C72}.Release|Any CPU.Build.0 = Release|Any CPU
	EndGlobalSection
EndGlobal
