
Microsoft Visual Studio Solution File, Format Version 12.00
# Visual Studio Version 17
VisualStudioVersion = 17.11.35222.181
MinimumVisualStudioVersion = 10.0.40219.1
Project("{FAE04EC0-301F-11D3-BF4B-00C04F79EFBC}") = "Habit-Tracker", "Habit-Tracker.csproj", "{9259F759-901D-4E42-B614-F6D78BCEB653}"
EndProject
Global
	GlobalSection(SolutionConfigurationPlatforms) = preSolution
		Debug|Any CPU = Debug|Any CPU
		Release|Any CPU = Release|Any CPU
	EndGlobalSection
	GlobalSection(ProjectConfigurationPlatforms) = postSolution
		{9259F759-901D-4E42-B614-F6D78BCEB653}.Debug|Any CPU.ActiveCfg = Debug|Any CPU
		{9259F759-901D-4E42-B614-F6D78BCEB653}.Debug|Any CPU.Build.0 = Debug|Any CPU
		{9259F759-901D-4E42-B614-F6D78BCEB653}.Release|Any CPU.ActiveCfg = Release|Any CPU
		{9259F759-901D-4E42-B614-F6D78BCEB653}.Release|Any CPU.Build.0 = Release|Any CPU
	EndGlobalSection
	GlobalSection(SolutionProperties) = preSolution
		HideSolutionNode = FALSE
	EndGlobalSection
	GlobalSection(ExtensibilityGlobals) = postSolution
		SolutionGuid = {9797BD00-6FAA-486F-9BC7-C43D570EDBBF}
	EndGlobalSection
EndGlobal
