
Microsoft Visual Studio Solution File, Format Version 12.00
# Visual Studio Version 17
VisualStudioVersion = 17.8.34330.188
MinimumVisualStudioVersion = 10.0.40219.1
Project("{FAE04EC0-301F-11D3-BF4B-00C04F79EFBC}") = "Habit tracker.Ibrahim", "Habit tracker.Ibrahim\Habit tracker.Ibrahim.csproj", "{B823B784-0579-4848-8E04-3C0674AB6BE1}"
EndProject
Global
	GlobalSection(SolutionConfigurationPlatforms) = preSolution
		Debug|Any CPU = Debug|Any CPU
		Release|Any CPU = Release|Any CPU
	EndGlobalSection
	GlobalSection(ProjectConfigurationPlatforms) = postSolution
		{B823B784-0579-4848-8E04-3C0674AB6BE1}.Debug|Any CPU.ActiveCfg = Debug|Any CPU
		{B823B784-0579-4848-8E04-3C0674AB6BE1}.Debug|Any CPU.Build.0 = Debug|Any CPU
		{B823B784-0579-4848-8E04-3C0674AB6BE1}.Release|Any CPU.ActiveCfg = Release|Any CPU
		{B823B784-0579-4848-8E04-3C0674AB6BE1}.Release|Any CPU.Build.0 = Release|Any CPU
	EndGlobalSection
	GlobalSection(SolutionProperties) = preSolution
		HideSolutionNode = FALSE
	EndGlobalSection
	GlobalSection(ExtensibilityGlobals) = postSolution
		SolutionGuid = {CFD34BC1-31AE-45AD-8F34-36D5D0E3EAA4}
	EndGlobalSection
EndGlobal
