
Microsoft Visual Studio Solution File, Format Version 12.00
# Visual Studio Version 16
VisualStudioVersion = 16.0.33801.447
MinimumVisualStudioVersion = 10.0.40219.1
Project("{FAE04EC0-301F-11D3-BF4B-00C04F79EFBC}") = "HabitTracker", "HabitTracker\HabitTracker.csproj", "{97C44847-0022-4347-8AD5-E51AC5E1692D}"
EndProject
Global
	GlobalSection(SolutionConfigurationPlatforms) = preSolution
		Debug|Any CPU = Debug|Any CPU
		Release|Any CPU = Release|Any CPU
	EndGlobalSection
	GlobalSection(ProjectConfigurationPlatforms) = postSolution
		{97C44847-0022-4347-8AD5-E51AC5E1692D}.Debug|Any CPU.ActiveCfg = Debug|Any CPU
		{97C44847-0022-4347-8AD5-E51AC5E1692D}.Debug|Any CPU.Build.0 = Debug|Any CPU
		{97C44847-0022-4347-8AD5-E51AC5E1692D}.Release|Any CPU.ActiveCfg = Release|Any CPU
		{97C44847-0022-4347-8AD5-E51AC5E1692D}.Release|Any CPU.Build.0 = Release|Any CPU
	EndGlobalSection
	GlobalSection(SolutionProperties) = preSolution
		HideSolutionNode = FALSE
	EndGlobalSection
	GlobalSection(ExtensibilityGlobals) = postSolution
		SolutionGuid = {1F406B7F-C67B-4D38-B25B-203E2DEBC960}
	EndGlobalSection
EndGlobal
