
Microsoft Visual Studio Solution File, Format Version 12.00
# Visual Studio Version 17
VisualStudioVersion = 17.6.33723.286
MinimumVisualStudioVersion = 10.0.40219.1
Project("{9A19103F-16F7-4668-BE54-9A1E7A4F7556}") = "Habit_Tracker", "Habit_Tracker.csproj", "{0E0D1257-576F-452E-8876-76377CA9D765}"
EndProject
Global
	GlobalSection(SolutionConfigurationPlatforms) = preSolution
		Debug|Any CPU = Debug|Any CPU
		Release|Any CPU = Release|Any CPU
	EndGlobalSection
	GlobalSection(ProjectConfigurationPlatforms) = postSolution
		{0E0D1257-576F-452E-8876-76377CA9D765}.Debug|Any CPU.ActiveCfg = Debug|Any CPU
		{0E0D1257-576F-452E-8876-76377CA9D765}.Debug|Any CPU.Build.0 = Debug|Any CPU
		{0E0D1257-576F-452E-8876-76377CA9D765}.Release|Any CPU.ActiveCfg = Release|Any CPU
		{0E0D1257-576F-452E-8876-76377CA9D765}.Release|Any CPU.Build.0 = Release|Any CPU
	EndGlobalSection
	GlobalSection(SolutionProperties) = preSolution
		HideSolutionNode = FALSE
	EndGlobalSection
	GlobalSection(ExtensibilityGlobals) = postSolution
		SolutionGuid = {9662F56F-13FD-4464-AE45-DEDAB40928DB}
	EndGlobalSection
EndGlobal
