
Microsoft Visual Studio Solution File, Format Version 12.00
# Visual Studio Version 17
VisualStudioVersion = 17.8.34322.80
MinimumVisualStudioVersion = 10.0.40219.1
Project("{FAE04EC0-301F-11D3-BF4B-00C04F79EFBC}") = "HabitTracker.nwdorian", "HabitTracker.nwdorian\HabitTracker.nwdorian.csproj", "{A3A673D7-9CD0-4B57-B64F-7DE4B0D7C116}"
EndProject
Global
	GlobalSection(SolutionConfigurationPlatforms) = preSolution
		Debug|Any CPU = Debug|Any CPU
		Release|Any CPU = Release|Any CPU
	EndGlobalSection
	GlobalSection(ProjectConfigurationPlatforms) = postSolution
		{A3A673D7-9CD0-4B57-B64F-7DE4B0D7C116}.Debug|Any CPU.ActiveCfg = Debug|Any CPU
		{A3A673D7-9CD0-4B57-B64F-7DE4B0D7C116}.Debug|Any CPU.Build.0 = Debug|Any CPU
		{A3A673D7-9CD0-4B57-B64F-7DE4B0D7C116}.Release|Any CPU.ActiveCfg = Release|Any CPU
		{A3A673D7-9CD0-4B57-B64F-7DE4B0D7C116}.Release|Any CPU.Build.0 = Release|Any CPU
	EndGlobalSection
	GlobalSection(SolutionProperties) = preSolution
		HideSolutionNode = FALSE
	EndGlobalSection
	GlobalSection(ExtensibilityGlobals) = postSolution
		SolutionGuid = {9CF12217-93EE-4339-935A-F20E7F0E16FF}
	EndGlobalSection
EndGlobal
