
Microsoft Visual Studio Solution File, Format Version 12.00
# Visual Studio Version 17
VisualStudioVersion = 17.10.35013.160
MinimumVisualStudioVersion = 10.0.40219.1
Project("{FAE04EC0-301F-11D3-BF4B-00C04F79EFBC}") = "HabitTracker.ngalantino", "HabitTracker.ngalantino\HabitTracker.ngalantino.csproj", "{2F4D3B2D-A0B5-4DB6-8064-3FAD94C0403B}"
EndProject
Global
	GlobalSection(SolutionConfigurationPlatforms) = preSolution
		Debug|Any CPU = Debug|Any CPU
		Release|Any CPU = Release|Any CPU
	EndGlobalSection
	GlobalSection(ProjectConfigurationPlatforms) = postSolution
		{2F4D3B2D-A0B5-4DB6-8064-3FAD94C0403B}.Debug|Any CPU.ActiveCfg = Debug|Any CPU
		{2F4D3B2D-A0B5-4DB6-8064-3FAD94C0403B}.Debug|Any CPU.Build.0 = Debug|Any CPU
		{2F4D3B2D-A0B5-4DB6-8064-3FAD94C0403B}.Release|Any CPU.ActiveCfg = Release|Any CPU
		{2F4D3B2D-A0B5-4DB6-8064-3FAD94C0403B}.Release|Any CPU.Build.0 = Release|Any CPU
	EndGlobalSection
	GlobalSection(SolutionProperties) = preSolution
		HideSolutionNode = FALSE
	EndGlobalSection
	GlobalSection(ExtensibilityGlobals) = postSolution
		SolutionGuid = {C2EC97F4-8842-4818-B906-55C2785C611F}
	EndGlobalSection
EndGlobal
