
Microsoft Visual Studio Solution File, Format Version 12.00
# Visual Studio Version 17
VisualStudioVersion = 17.5.002.0
MinimumVisualStudioVersion = 10.0.40219.1
Project("{9A19103F-16F7-4668-BE54-9A1E7A4F7556}") = "Habit-tracker", "Habit-tracker\Habit-tracker.csproj", "{3676B833-2AA0-48D9-AF23-94D009C40318}"
EndProject
Global
	GlobalSection(SolutionConfigurationPlatforms) = preSolution
		Debug|Any CPU = Debug|Any CPU
		Release|Any CPU = Release|Any CPU
	EndGlobalSection
	GlobalSection(ProjectConfigurationPlatforms) = postSolution
		{3676B833-2AA0-48D9-AF23-94D009C40318}.Debug|Any CPU.ActiveCfg = Debug|Any CPU
		{3676B833-2AA0-48D9-AF23-94D009C40318}.Debug|Any CPU.Build.0 = Debug|Any CPU
		{3676B833-2AA0-48D9-AF23-94D009C40318}.Release|Any CPU.ActiveCfg = Release|Any CPU
		{3676B833-2AA0-48D9-AF23-94D009C40318}.Release|Any CPU.Build.0 = Release|Any CPU
	EndGlobalSection
	GlobalSection(SolutionProperties) = preSolution
		HideSolutionNode = FALSE
	EndGlobalSection
	GlobalSection(ExtensibilityGlobals) = postSolution
		SolutionGuid = {8CBD8866-D60F-46A0-BEEA-48C4DC4008F2}
	EndGlobalSection
EndGlobal
