
Microsoft Visual Studio Solution File, Format Version 12.00
# Visual Studio Version 17
VisualStudioVersion = 17.7.34024.191
MinimumVisualStudioVersion = 10.0.40219.1
Project("{FAE04EC0-301F-11D3-BF4B-00C04F79EFBC}") = "HabitLogger", "HabitLogger.csproj", "{F79702ED-7D25-4866-824B-B5E6D3796397}"
EndProject
Global
	GlobalSection(SolutionConfigurationPlatforms) = preSolution
		Debug|Any CPU = Debug|Any CPU
		Release|Any CPU = Release|Any CPU
	EndGlobalSection
	GlobalSection(ProjectConfigurationPlatforms) = postSolution
		{F79702ED-7D25-4866-824B-B5E6D3796397}.Debug|Any CPU.ActiveCfg = Debug|Any CPU
		{F79702ED-7D25-4866-824B-B5E6D3796397}.Debug|Any CPU.Build.0 = Debug|Any CPU
		{F79702ED-7D25-4866-824B-B5E6D3796397}.Release|Any CPU.ActiveCfg = Release|Any CPU
		{F79702ED-7D25-4866-824B-B5E6D3796397}.Release|Any CPU.Build.0 = Release|Any CPU
	EndGlobalSection
	GlobalSection(SolutionProperties) = preSolution
		HideSolutionNode = FALSE
	EndGlobalSection
	GlobalSection(ExtensibilityGlobals) = postSolution
		SolutionGuid = {65932981-B9BC-41E3-A037-3C935292B628}
	EndGlobalSection
EndGlobal
