
Microsoft Visual Studio Solution File, Format Version 12.00
# Visual Studio Version 17
VisualStudioVersion = 17.13.35828.75 d17.13
MinimumVisualStudioVersion = 10.0.40219.1
Project("{FAE04EC0-301F-11D3-BF4B-00C04F79EFBC}") = "SpirosZoupas.Console.HabitTracker", "SpirosZoupas.Console.HabitTracker.csproj", "{34C6D66C-803A-4B79-B600-A2E8CA58E546}"
EndProject
Global
	GlobalSection(SolutionConfigurationPlatforms) = preSolution
		Debug|Any CPU = Debug|Any CPU
		Release|Any CPU = Release|Any CPU
	EndGlobalSection
	GlobalSection(ProjectConfigurationPlatforms) = postSolution
		{34C6D66C-803A-4B79-B600-A2E8CA58E546}.Debug|Any CPU.ActiveCfg = Debug|Any CPU
		{34C6D66C-803A-4B79-B600-A2E8CA58E546}.Debug|Any CPU.Build.0 = Debug|Any CPU
		{34C6D66C-803A-4B79-B600-A2E8CA58E546}.Release|Any CPU.ActiveCfg = Release|Any CPU
		{34C6D66C-803A-4B79-B600-A2E8CA58E546}.Release|Any CPU.Build.0 = Release|Any CPU
	EndGlobalSection
	GlobalSection(SolutionProperties) = preSolution
		HideSolutionNode = FALSE
	EndGlobalSection
	GlobalSection(ExtensibilityGlobals) = postSolution
		SolutionGuid = {FCE9F1CD-BC1E-41DF-9223-9EE59777A2FA}
	EndGlobalSection
EndGlobal
