
Microsoft Visual Studio Solution File, Format Version 12.00
# Visual Studio Version 17
VisualStudioVersion = 17.5.33530.505
MinimumVisualStudioVersion = 10.0.40219.1
Project("{FAE04EC0-301F-11D3-BF4B-00C04F79EFBC}") = "HabitTracker", "HabitTracker.csproj", "{72343D8E-1F45-4D68-B15C-A18D2364949F}"
EndProject
Project("{FAE04EC0-301F-11D3-BF4B-00C04F79EFBC}") = "ConsoleUtilities", "..\ConsoleUtilities\ConsoleUtilities.csproj", "{3BA47743-B7E6-4B1F-8C92-FD00C9880991}"
EndProject
Global
	GlobalSection(SolutionConfigurationPlatforms) = preSolution
		Debug|Any CPU = Debug|Any CPU
		Release|Any CPU = Release|Any CPU
	EndGlobalSection
	GlobalSection(ProjectConfigurationPlatforms) = postSolution
		{72343D8E-1F45-4D68-B15C-A18D2364949F}.Debug|Any CPU.ActiveCfg = Debug|Any CPU
		{72343D8E-1F45-4D68-B15C-A18D2364949F}.Debug|Any CPU.Build.0 = Debug|Any CPU
		{72343D8E-1F45-4D68-B15C-A18D2364949F}.Release|Any CPU.ActiveCfg = Release|Any CPU
		{72343D8E-1F45-4D68-B15C-A18D2364949F}.Release|Any CPU.Build.0 = Release|Any CPU
		{3BA47743-B7E6-4B1F-8C92-FD00C9880991}.Debug|Any CPU.ActiveCfg = Debug|Any CPU
		{3BA47743-B7E6-4B1F-8C92-FD00C9880991}.Debug|Any CPU.Build.0 = Debug|Any CPU
		{3BA47743-B7E6-4B1F-8C92-FD00C9880991}.Release|Any CPU.ActiveCfg = Release|Any CPU
		{3BA47743-B7E6-4B1F-8C92-FD00C9880991}.Release|Any CPU.Build.0 = Release|Any CPU
	EndGlobalSection
	GlobalSection(SolutionProperties) = preSolution
		HideSolutionNode = FALSE
	EndGlobalSection
	GlobalSection(ExtensibilityGlobals) = postSolution
		SolutionGuid = {2D766CBA-44ED-489B-B563-BA0A4049BE42}
	EndGlobalSection
EndGlobal
