
Microsoft Visual Studio Solution File, Format Version 12.00
# Visual Studio Version 17
VisualStudioVersion = 17.4.33205.214
MinimumVisualStudioVersion = 10.0.40219.1
Project("{FAE04EC0-301F-11D3-BF4B-00C04F79EFBC}") = "HabitTracker.edvaudin", "HabitTracker.edvaudin.csproj", "{62139B54-C7A0-46D3-B428-7A197AE8EF8B}"
EndProject
Global
	GlobalSection(SolutionConfigurationPlatforms) = preSolution
		Debug|Any CPU = Debug|Any CPU
		Release|Any CPU = Release|Any CPU
	EndGlobalSection
	GlobalSection(ProjectConfigurationPlatforms) = postSolution
		{62139B54-C7A0-46D3-B428-7A197AE8EF8B}.Debug|Any CPU.ActiveCfg = Debug|Any CPU
		{62139B54-C7A0-46D3-B428-7A197AE8EF8B}.Debug|Any CPU.Build.0 = Debug|Any CPU
		{62139B54-C7A0-46D3-B428-7A197AE8EF8B}.Release|Any CPU.ActiveCfg = Release|Any CPU
		{62139B54-C7A0-46D3-B428-7A197AE8EF8B}.Release|Any CPU.Build.0 = Release|Any CPU
	EndGlobalSection
	GlobalSection(SolutionProperties) = preSolution
		HideSolutionNode = FALSE
	EndGlobalSection
	GlobalSection(ExtensibilityGlobals) = postSolution
		SolutionGuid = {10584281-3F65-4B77-91FA-720C1278B6F7}
	EndGlobalSection
EndGlobal
