
Microsoft Visual Studio Solution File, Format Version 12.00
# Visual Studio Version 17
VisualStudioVersion = 17.14.36301.6 d17.14
MinimumVisualStudioVersion = 10.0.40219.1
Project("{FAE04EC0-301F-11D3-BF4B-00C04F79EFBC}") = "TruthfulUK.HabitTracker", "TruthfulUK.HabitTracker\TruthfulUK.HabitTracker.csproj", "{61344D8B-6CA3-48D4-93E4-B95792CEAC7F}"
EndProject
Global
	GlobalSection(SolutionConfigurationPlatforms) = preSolution
		Debug|Any CPU = Debug|Any CPU
		Release|Any CPU = Release|Any CPU
	EndGlobalSection
	GlobalSection(ProjectConfigurationPlatforms) = postSolution
		{61344D8B-6CA3-48D4-93E4-B95792CEAC7F}.Debug|Any CPU.ActiveCfg = Debug|Any CPU
		{61344D8B-6CA3-48D4-93E4-B95792CEAC7F}.Debug|Any CPU.Build.0 = Debug|Any CPU
		{61344D8B-6CA3-48D4-93E4-B95792CEAC7F}.Release|Any CPU.ActiveCfg = Release|Any CPU
		{61344D8B-6CA3-48D4-93E4-B95792CEAC7F}.Release|Any CPU.Build.0 = Release|Any CPU
	EndGlobalSection
	GlobalSection(SolutionProperties) = preSolution
		HideSolutionNode = FALSE
	EndGlobalSection
	GlobalSection(ExtensibilityGlobals) = postSolution
		SolutionGuid = {E8FE1849-51A3-4124-A53E-6EF1B7BE78A5}
	EndGlobalSection
EndGlobal
