
Microsoft Visual Studio Solution File, Format Version 12.00
# Visual Studio Version 17
VisualStudioVersion = 17.11.35219.272
MinimumVisualStudioVersion = 10.0.40219.1
Project("{FAE04EC0-301F-11D3-BF4B-00C04F79EFBC}") = "Habit-Tracker", "Habit-Tracker\Habit-Tracker.csproj", "{F91CE0D9-EA84-410C-B02F-F3C372A13B9E}"
EndProject
Global
	GlobalSection(SolutionConfigurationPlatforms) = preSolution
		Debug|Any CPU = Debug|Any CPU
		Release|Any CPU = Release|Any CPU
	EndGlobalSection
	GlobalSection(ProjectConfigurationPlatforms) = postSolution
		{F91CE0D9-EA84-410C-B02F-F3C372A13B9E}.Debug|Any CPU.ActiveCfg = Debug|Any CPU
		{F91CE0D9-EA84-410C-B02F-F3C372A13B9E}.Debug|Any CPU.Build.0 = Debug|Any CPU
		{F91CE0D9-EA84-410C-B02F-F3C372A13B9E}.Release|Any CPU.ActiveCfg = Release|Any CPU
		{F91CE0D9-EA84-410C-B02F-F3C372A13B9E}.Release|Any CPU.Build.0 = Release|Any CPU
	EndGlobalSection
	GlobalSection(SolutionProperties) = preSolution
		HideSolutionNode = FALSE
	EndGlobalSection
	GlobalSection(ExtensibilityGlobals) = postSolution
		SolutionGuid = {58D136D5-C742-45D3-99A5-C74FF841B080}
	EndGlobalSection
EndGlobal
