
Microsoft Visual Studio Solution File, Format Version 12.00
# Visual Studio Version 17
VisualStudioVersion = 17.6.33801.468
MinimumVisualStudioVersion = 10.0.40219.1
Project("{FAE04EC0-301F-11D3-BF4B-00C04F79EFBC}") = "Habit Tracker DEVHAWKZ", "Habit Tracker DEVHAWKZ\Habit Tracker DEVHAWKZ.csproj", "{60675544-B4CF-402D-A112-BAC3E00A9B74}"
EndProject
Project("{FAE04EC0-301F-11D3-BF4B-00C04F79EFBC}") = "Habit Tracker library", "Habit Tracker library\Habit Tracker library.csproj", "{1DB6C57F-7C63-4F04-8A98-58F1467E6287}"
EndProject
Global
	GlobalSection(SolutionConfigurationPlatforms) = preSolution
		Debug|Any CPU = Debug|Any CPU
		Release|Any CPU = Release|Any CPU
	EndGlobalSection
	GlobalSection(ProjectConfigurationPlatforms) = postSolution
		{60675544-B4CF-402D-A112-BAC3E00A9B74}.Debug|Any CPU.ActiveCfg = Debug|Any CPU
		{60675544-B4CF-402D-A112-BAC3E00A9B74}.Debug|Any CPU.Build.0 = Debug|Any CPU
		{60675544-B4CF-402D-A112-BAC3E00A9B74}.Release|Any CPU.ActiveCfg = Release|Any CPU
		{60675544-B4CF-402D-A112-BAC3E00A9B74}.Release|Any CPU.Build.0 = Release|Any CPU
		{1DB6C57F-7C63-4F04-8A98-58F1467E6287}.Debug|Any CPU.ActiveCfg = Debug|Any CPU
		{1DB6C57F-7C63-4F04-8A98-58F1467E6287}.Debug|Any CPU.Build.0 = Debug|Any CPU
		{1DB6C57F-7C63-4F04-8A98-58F1467E6287}.Release|Any CPU.ActiveCfg = Release|Any CPU
		{1DB6C57F-7C63-4F04-8A98-58F1467E6287}.Release|Any CPU.Build.0 = Release|Any CPU
	EndGlobalSection
	GlobalSection(SolutionProperties) = preSolution
		HideSolutionNode = FALSE
	EndGlobalSection
	GlobalSection(ExtensibilityGlobals) = postSolution
		SolutionGuid = {C7AB3BDB-D544-46F0-9742-3EE1C9E92102}
	EndGlobalSection
EndGlobal
