
Microsoft Visual Studio Solution File, Format Version 12.00
# Visual Studio Version 17
VisualStudioVersion = 17.7.34003.232
MinimumVisualStudioVersion = 10.0.40219.1
Project("{FAE04EC0-301F-11D3-BF4B-00C04F79EFBC}") = "HabitTracker.Maicosoft", "HabitTracker.Maicosoft\HabitTracker.Maicosoft.csproj", "{938C421B-55AA-48BA-86A3-86B1508445BC}"
EndProject
Global
	GlobalSection(SolutionConfigurationPlatforms) = preSolution
		Debug|Any CPU = Debug|Any CPU
		Release|Any CPU = Release|Any CPU
	EndGlobalSection
	GlobalSection(ProjectConfigurationPlatforms) = postSolution
		{938C421B-55AA-48BA-86A3-86B1508445BC}.Debug|Any CPU.ActiveCfg = Debug|Any CPU
		{938C421B-55AA-48BA-86A3-86B1508445BC}.Debug|Any CPU.Build.0 = Debug|Any CPU
		{938C421B-55AA-48BA-86A3-86B1508445BC}.Release|Any CPU.ActiveCfg = Release|Any CPU
		{938C421B-55AA-48BA-86A3-86B1508445BC}.Release|Any CPU.Build.0 = Release|Any CPU
	EndGlobalSection
	GlobalSection(SolutionProperties) = preSolution
		HideSolutionNode = FALSE
	EndGlobalSection
	GlobalSection(ExtensibilityGlobals) = postSolution
		SolutionGuid = {5DC41563-28A0-4CA9-A748-7A39F7C5517A}
	EndGlobalSection
EndGlobal
