
Microsoft Visual Studio Solution File, Format Version 12.00
# Visual Studio Version 17
VisualStudioVersion = 17.14.36127.28 d17.14
MinimumVisualStudioVersion = 10.0.40219.1
Project("{FAE04EC0-301F-11D3-BF4B-00C04F79EFBC}") = "HabitTracker.GoldRino456", "HabitTracker.GoldRino456.csproj", "{71D40C22-A473-4CEC-B1B1-CBF5F76F40EC}"
EndProject
Global
	GlobalSection(SolutionConfigurationPlatforms) = preSolution
		Debug|Any CPU = Debug|Any CPU
		Release|Any CPU = Release|Any CPU
	EndGlobalSection
	GlobalSection(ProjectConfigurationPlatforms) = postSolution
		{71D40C22-A473-4CEC-B1B1-CBF5F76F40EC}.Debug|Any CPU.ActiveCfg = Debug|Any CPU
		{71D40C22-A473-4CEC-B1B1-CBF5F76F40EC}.Debug|Any CPU.Build.0 = Debug|Any CPU
		{71D40C22-A473-4CEC-B1B1-CBF5F76F40EC}.Release|Any CPU.ActiveCfg = Release|Any CPU
		{71D40C22-A473-4CEC-B1B1-CBF5F76F40EC}.Release|Any CPU.Build.0 = Release|Any CPU
	EndGlobalSection
	GlobalSection(SolutionProperties) = preSolution
		HideSolutionNode = FALSE
	EndGlobalSection
	GlobalSection(ExtensibilityGlobals) = postSolution
		SolutionGuid = {ED788221-83AA-475F-A646-9403B04F3324}
	EndGlobalSection
EndGlobal
