
Microsoft Visual Studio Solution File, Format Version 12.00
# Visual Studio Version 17
VisualStudioVersion = 17.10.35013.160
MinimumVisualStudioVersion = 10.0.40219.1
Project("{9A19103F-16F7-4668-BE54-9A1E7A4F7556}") = "HabitTracker.ConsoleApp", "HabitTracker.ConsoleApp\HabitTracker.ConsoleApp.csproj", "{9EB8BC21-71AE-4B95-BD33-A249503FB23B}"
EndProject
Project("{9A19103F-16F7-4668-BE54-9A1E7A4F7556}") = "HabitTracker", "HabitTracker\HabitTracker.csproj", "{5D65C087-EE52-471A-AA8E-E7382044C95D}"
EndProject
Project("{9A19103F-16F7-4668-BE54-9A1E7A4F7556}") = "HabitTracker.Data", "HabitTracker.Data\HabitTracker.Data.csproj", "{15E0770C-6092-458C-8E6B-DA2FD6DF0B65}"
EndProject
Project("{2150E333-8FDC-42A3-9474-1A3956D46DE8}") = "Solution Items", "Solution Items", "{0FE7F37A-01DE-4078-9BE0-B0B2305747C8}"
	ProjectSection(SolutionItems) = preProject
		README.md = README.md
	EndProjectSection
EndProject
Global
	GlobalSection(SolutionConfigurationPlatforms) = preSolution
		Debug|Any CPU = Debug|Any CPU
		Release|Any CPU = Release|Any CPU
	EndGlobalSection
	GlobalSection(ProjectConfigurationPlatforms) = postSolution
		{9EB8BC21-71AE-4B95-BD33-A249503FB23B}.Debug|Any CPU.ActiveCfg = Debug|Any CPU
		{9EB8BC21-71AE-4B95-BD33-A249503FB23B}.Debug|Any CPU.Build.0 = Debug|Any CPU
		{9EB8BC21-71AE-4B95-BD33-A249503FB23B}.Release|Any CPU.ActiveCfg = Release|Any CPU
		{9EB8BC21-71AE-4B95-BD33-A249503FB23B}.Release|Any CPU.Build.0 = Release|Any CPU
		{5D65C087-EE52-471A-AA8E-E7382044C95D}.Debug|Any CPU.ActiveCfg = Debug|Any CPU
		{5D65C087-EE52-471A-AA8E-E7382044C95D}.Debug|Any CPU.Build.0 = Debug|Any CPU
		{5D65C087-EE52-471A-AA8E-E7382044C95D}.Release|Any CPU.ActiveCfg = Release|Any CPU
		{5D65C087-EE52-471A-AA8E-E7382044C95D}.Release|Any CPU.Build.0 = Release|Any CPU
		{15E0770C-6092-458C-8E6B-DA2FD6DF0B65}.Debug|Any CPU.ActiveCfg = Debug|Any CPU
		{15E0770C-6092-458C-8E6B-DA2FD6DF0B65}.Debug|Any CPU.Build.0 = Debug|Any CPU
		{15E0770C-6092-458C-8E6B-DA2FD6DF0B65}.Release|Any CPU.ActiveCfg = Release|Any CPU
		{15E0770C-6092-458C-8E6B-DA2FD6DF0B65}.Release|Any CPU.Build.0 = Release|Any CPU
	EndGlobalSection
	GlobalSection(SolutionProperties) = preSolution
		HideSolutionNode = FALSE
	EndGlobalSection
	GlobalSection(ExtensibilityGlobals) = postSolution
		SolutionGuid = {08586934-B3DB-42E4-BBA7-AA42A1A6DFB8}
	EndGlobalSection
EndGlobal
