
Microsoft Visual Studio Solution File, Format Version 12.00
Project("{FAE04EC0-301F-11D3-BF4B-00C04F79EFBC}") = "ohshie.HabitTracker", "ohshie.HabitTracker.csproj", "{E28E2729-6FF5-4287-9E7A-50F80737F74B}"
EndProject
Global
	GlobalSection(SolutionConfigurationPlatforms) = preSolution
		Debug|Any CPU = Debug|Any CPU
		Release|Any CPU = Release|Any CPU
	EndGlobalSection
	GlobalSection(ProjectConfigurationPlatforms) = postSolution
		{E28E2729-6FF5-4287-9E7A-50F80737F74B}.Debug|Any CPU.ActiveCfg = Debug|Any CPU
		{E28E2729-6FF5-4287-9E7A-50F80737F74B}.Debug|Any CPU.Build.0 = Debug|Any CPU
		{E28E2729-6FF5-4287-9E7A-50F80737F74B}.Release|Any CPU.ActiveCfg = Release|Any CPU
		{E28E2729-6FF5-4287-9E7A-50F80737F74B}.Release|Any CPU.Build.0 = Release|Any CPU
	EndGlobalSection
EndGlobal
