
Microsoft Visual Studio Solution File, Format Version 12.00
# Visual Studio Version 17
VisualStudioVersion = 17.10.35027.167
MinimumVisualStudioVersion = 10.0.40219.1
Project("{FAE04EC0-301F-11D3-BF4B-00C04F79EFBC}") = "HabitTracker", "HabitTracker.csproj", "{C6231674-F7CC-43AD-9079-B2AAE440BDD2}"
EndProject
Global
	GlobalSection(SolutionConfigurationPlatforms) = preSolution
		Debug|Any CPU = Debug|Any CPU
		Release|Any CPU = Release|Any CPU
	EndGlobalSection
	GlobalSection(ProjectConfigurationPlatforms) = postSolution
		{C6231674-F7CC-43AD-9079-B2AAE440BDD2}.Debug|Any CPU.ActiveCfg = Debug|Any CPU
		{C6231674-F7CC-43AD-9079-B2AAE440BDD2}.Debug|Any CPU.Build.0 = Debug|Any CPU
		{C6231674-F7CC-43AD-9079-B2AAE440BDD2}.Release|Any CPU.ActiveCfg = Release|Any CPU
		{C6231674-F7CC-43AD-9079-B2AAE440BDD2}.Release|Any CPU.Build.0 = Release|Any CPU
	EndGlobalSection
	GlobalSection(SolutionProperties) = preSolution
		HideSolutionNode = FALSE
	EndGlobalSection
	GlobalSection(ExtensibilityGlobals) = postSolution
		SolutionGuid = {8D7DB321-A4DE-49C8-9833-AA9C3BD939D1}
	EndGlobalSection
EndGlobal
