
Microsoft Visual Studio Solution File, Format Version 12.00
# Visual Studio Version 17
VisualStudioVersion = 17.8.34511.84
MinimumVisualStudioVersion = 10.0.40219.1
Project("{FAE04EC0-301F-11D3-BF4B-00C04F79EFBC}") = "HabitTracker.Dejmenek", "HabitTracker.Dejmenek.csproj", "{04FAD4A0-F898-4FB1-B128-1EA74BBA0A25}"
EndProject
Global
	GlobalSection(SolutionConfigurationPlatforms) = preSolution
		Debug|Any CPU = Debug|Any CPU
		Release|Any CPU = Release|Any CPU
	EndGlobalSection
	GlobalSection(ProjectConfigurationPlatforms) = postSolution
		{04FAD4A0-F898-4FB1-B128-1EA74BBA0A25}.Debug|Any CPU.ActiveCfg = Debug|Any CPU
		{04FAD4A0-F898-4FB1-B128-1EA74BBA0A25}.Debug|Any CPU.Build.0 = Debug|Any CPU
		{04FAD4A0-F898-4FB1-B128-1EA74BBA0A25}.Release|Any CPU.ActiveCfg = Release|Any CPU
		{04FAD4A0-F898-4FB1-B128-1EA74BBA0A25}.Release|Any CPU.Build.0 = Release|Any CPU
	EndGlobalSection
	GlobalSection(SolutionProperties) = preSolution
		HideSolutionNode = FALSE
	EndGlobalSection
	GlobalSection(ExtensibilityGlobals) = postSolution
		SolutionGuid = {058C7E4D-FF7D-41D1-A2D3-677B38B6F708}
	EndGlobalSection
EndGlobal
