
Microsoft Visual Studio Solution File, Format Version 12.00
Project("{FAE04EC0-301F-11D3-BF4B-00C04F79EFBC}") = "HabitLogger.TildaDares", "HabitLogger.TildaDares.csproj", "{BE7ED3C4-7C96-4A22-A7AF-D60E9D1667C0}"
EndProject
Global
	GlobalSection(SolutionConfigurationPlatforms) = preSolution
		Debug|Any CPU = Debug|Any CPU
		Release|Any CPU = Release|Any CPU
	EndGlobalSection
	GlobalSection(ProjectConfigurationPlatforms) = postSolution
		{BE7ED3C4-7C96-4A22-A7AF-D60E9D1667C0}.Debug|Any CPU.ActiveCfg = Debug|Any CPU
		{BE7ED3C4-7C96-4A22-A7AF-D60E9D1667C0}.Debug|Any CPU.Build.0 = Debug|Any CPU
		{BE7ED3C4-7C96-4A22-A7AF-D60E9D1667C0}.Release|Any CPU.ActiveCfg = Release|Any CPU
		{BE7ED3C4-7C96-4A22-A7AF-D60E9D1667C0}.Release|Any CPU.Build.0 = Release|Any CPU
	EndGlobalSection
EndGlobal
