
Microsoft Visual Studio Solution File, Format Version 12.00
# Visual Studio Version 17
VisualStudioVersion = 17.9.34728.123
MinimumVisualStudioVersion = 10.0.40219.1
Project("{FAE04EC0-301F-11D3-BF4B-00C04F79EFBC}") = "HabitTracker", "HabitTracker.csproj", "{8AF385BA-CBC6-4E79-9E70-BE99C80F30F1}"
EndProject
Global
	GlobalSection(SolutionConfigurationPlatforms) = preSolution
		Debug|Any CPU = Debug|Any CPU
		Release|Any CPU = Release|Any CPU
	EndGlobalSection
	GlobalSection(ProjectConfigurationPlatforms) = postSolution
		{8AF385BA-CBC6-4E79-9E70-BE99C80F30F1}.Debug|Any CPU.ActiveCfg = Debug|Any CPU
		{8AF385BA-CBC6-4E79-9E70-BE99C80F30F1}.Debug|Any CPU.Build.0 = Debug|Any CPU
		{8AF385BA-CBC6-4E79-9E70-BE99C80F30F1}.Release|Any CPU.ActiveCfg = Release|Any CPU
		{8AF385BA-CBC6-4E79-9E70-BE99C80F30F1}.Release|Any CPU.Build.0 = Release|Any CPU
	EndGlobalSection
	GlobalSection(SolutionProperties) = preSolution
		HideSolutionNode = FALSE
	EndGlobalSection
	GlobalSection(ExtensibilityGlobals) = postSolution
		SolutionGuid = {61B33E11-9FF1-43C6-BB6E-0741B39DCEFF}
	EndGlobalSection
EndGlobal
