
Microsoft Visual Studio Solution File, Format Version 12.00
# Visual Studio Version 17
VisualStudioVersion = 17.8.34525.116
MinimumVisualStudioVersion = 10.0.40219.1
Project("{FAE04EC0-301F-11D3-BF4B-00C04F79EFBC}") = "HabitTracker", "HabitTracker.csproj", "{CE2BF16D-BD2F-4201-908B-2432DAAACA39}"
EndProject
Global
	GlobalSection(SolutionConfigurationPlatforms) = preSolution
		Debug|Any CPU = Debug|Any CPU
		Release|Any CPU = Release|Any CPU
	EndGlobalSection
	GlobalSection(ProjectConfigurationPlatforms) = postSolution
		{CE2BF16D-BD2F-4201-908B-2432DAAACA39}.Debug|Any CPU.ActiveCfg = Debug|Any CPU
		{CE2BF16D-BD2F-4201-908B-2432DAAACA39}.Debug|Any CPU.Build.0 = Debug|Any CPU
		{CE2BF16D-BD2F-4201-908B-2432DAAACA39}.Release|Any CPU.ActiveCfg = Release|Any CPU
		{CE2BF16D-BD2F-4201-908B-2432DAAACA39}.Release|Any CPU.Build.0 = Release|Any CPU
	EndGlobalSection
	GlobalSection(SolutionProperties) = preSolution
		HideSolutionNode = FALSE
	EndGlobalSection
	GlobalSection(ExtensibilityGlobals) = postSolution
		SolutionGuid = {40342E3E-2112-40B4-90C2-0CCC0E947AD8}
	EndGlobalSection
EndGlobal
