
Microsoft Visual Studio Solution File, Format Version 12.00
# Visual Studio Version 17
VisualStudioVersion = 17.11.35312.102
MinimumVisualStudioVersion = 10.0.40219.1
Project("{FAE04EC0-301F-11D3-BF4B-00C04F79EFBC}") = "habbitTracker.fatihskalemci", "habbitTracker.fatihskalemci\habbitTracker.fatihskalemci.csproj", "{A51325E7-8019-4E16-A915-76979D14F794}"
EndProject
Global
	GlobalSection(SolutionConfigurationPlatforms) = preSolution
		Debug|Any CPU = Debug|Any CPU
		Release|Any CPU = Release|Any CPU
	EndGlobalSection
	GlobalSection(ProjectConfigurationPlatforms) = postSolution
		{A51325E7-8019-4E16-A915-76979D14F794}.Debug|Any CPU.ActiveCfg = Debug|Any CPU
		{A51325E7-8019-4E16-A915-76979D14F794}.Debug|Any CPU.Build.0 = Debug|Any CPU
		{A51325E7-8019-4E16-A915-76979D14F794}.Release|Any CPU.ActiveCfg = Release|Any CPU
		{A51325E7-8019-4E16-A915-76979D14F794}.Release|Any CPU.Build.0 = Release|Any CPU
	EndGlobalSection
	GlobalSection(SolutionProperties) = preSolution
		HideSolutionNode = FALSE
	EndGlobalSection
	GlobalSection(ExtensibilityGlobals) = postSolution
		SolutionGuid = {47F6CD4D-15CF-4D39-AF8B-B1D027611B02}
	EndGlobalSection
EndGlobal
