
Microsoft Visual Studio Solution File, Format Version 12.00
# Visual Studio Version 17
VisualStudioVersion = 17.11.35312.102
MinimumVisualStudioVersion = 10.0.40219.1
Project("{FAE04EC0-301F-11D3-BF4B-00C04F79EFBC}") = "HabitTracker.alexgit55", "HabitTracker.alexgit55.csproj", "{3916DE64-8097-453A-B29C-789BF5457E01}"
EndProject
Global
	GlobalSection(SolutionConfigurationPlatforms) = preSolution
		Debug|Any CPU = Debug|Any CPU
		Release|Any CPU = Release|Any CPU
	EndGlobalSection
	GlobalSection(ProjectConfigurationPlatforms) = postSolution
		{3916DE64-8097-453A-B29C-789BF5457E01}.Debug|Any CPU.ActiveCfg = Debug|Any CPU
		{3916DE64-8097-453A-B29C-789BF5457E01}.Debug|Any CPU.Build.0 = Debug|Any CPU
		{3916DE64-8097-453A-B29C-789BF5457E01}.Release|Any CPU.ActiveCfg = Release|Any CPU
		{3916DE64-8097-453A-B29C-789BF5457E01}.Release|Any CPU.Build.0 = Release|Any CPU
	EndGlobalSection
	GlobalSection(SolutionProperties) = preSolution
		HideSolutionNode = FALSE
	EndGlobalSection
	GlobalSection(ExtensibilityGlobals) = postSolution
		SolutionGuid = {49C5D9CB-4A4C-4261-AAA9-807069F34A83}
	EndGlobalSection
EndGlobal
