
Microsoft Visual Studio Solution File, Format Version 12.00
# Visual Studio Version 17
VisualStudioVersion = 17.13.35825.156 d17.13
MinimumVisualStudioVersion = 10.0.40219.1
Project("{FAE04EC0-301F-11D3-BF4B-00C04F79EFBC}") = "nishant-nez.HabitTracker", "nishant-nez.HabitTracker\nishant-nez.HabitTracker.csproj", "{059853F4-30D8-4749-B9E3-F574190E3EC8}"
EndProject
Global
	GlobalSection(SolutionConfigurationPlatforms) = preSolution
		Debug|Any CPU = Debug|Any CPU
		Release|Any CPU = Release|Any CPU
	EndGlobalSection
	GlobalSection(ProjectConfigurationPlatforms) = postSolution
		{059853F4-30D8-4749-B9E3-F574190E3EC8}.Debug|Any CPU.ActiveCfg = Debug|Any CPU
		{059853F4-30D8-4749-B9E3-F574190E3EC8}.Debug|Any CPU.Build.0 = Debug|Any CPU
		{059853F4-30D8-4749-B9E3-F574190E3EC8}.Release|Any CPU.ActiveCfg = Release|Any CPU
		{059853F4-30D8-4749-B9E3-F574190E3EC8}.Release|Any CPU.Build.0 = Release|Any CPU
	EndGlobalSection
	GlobalSection(SolutionProperties) = preSolution
		HideSolutionNode = FALSE
	EndGlobalSection
	GlobalSection(ExtensibilityGlobals) = postSolution
		SolutionGuid = {48CCC148-FEA9-437E-A0D8-31B32911A966}
	EndGlobalSection
EndGlobal
