
Microsoft Visual Studio Solution File, Format Version 12.00
# Visual Studio Version 17
VisualStudioVersion = 17.13.35931.197
MinimumVisualStudioVersion = 10.0.40219.1
Project("{FAE04EC0-301F-11D3-BF4B-00C04F79EFBC}") = "HabitLogger", "HabitLogger\HabitLogger.csproj", "{A8B901F8-FF3F-43E6-9698-88C9FE0CD968}"
EndProject
Project("{2150E333-8FDC-42A3-9474-1A3956D46DE8}") = "Solution Items", "Solution Items", "{8EC462FD-D22E-90A8-E5CE-7E832BA40C5D}"
	ProjectSection(SolutionItems) = preProject
		readme.md = readme.md
	EndProjectSection
EndProject
Global
	GlobalSection(SolutionConfigurationPlatforms) = preSolution
		Debug|Any CPU = Debug|Any CPU
		Release|Any CPU = Release|Any CPU
	EndGlobalSection
	GlobalSection(ProjectConfigurationPlatforms) = postSolution
		{A8B901F8-FF3F-43E6-9698-88C9FE0CD968}.Debug|Any CPU.ActiveCfg = Debug|Any CPU
		{A8B901F8-FF3F-43E6-9698-88C9FE0CD968}.Debug|Any CPU.Build.0 = Debug|Any CPU
		{A8B901F8-FF3F-43E6-9698-88C9FE0CD968}.Release|Any CPU.ActiveCfg = Release|Any CPU
		{A8B901F8-FF3F-43E6-9698-88C9FE0CD968}.Release|Any CPU.Build.0 = Release|Any CPU
	EndGlobalSection
	GlobalSection(SolutionProperties) = preSolution
		HideSolutionNode = FALSE
	EndGlobalSection
	GlobalSection(ExtensibilityGlobals) = postSolution
		SolutionGuid = {4AF1DB62-FFC3-4F5C-8490-CF038EE13DA9}
	EndGlobalSection
EndGlobal
