
Microsoft Visual Studio Solution File, Format Version 12.00
# Visual Studio Version 17
VisualStudioVersion = 17.10.35004.147
MinimumVisualStudioVersion = 10.0.40219.1
Project("{FAE04EC0-301F-11D3-BF4B-00C04F79EFBC}") = "kAntonelli22.HabitTracker", "kAntonelli22.HabitTracker\kAntonelli22.HabitTracker.csproj", "{7266D18B-08BD-4071-B930-AEC5E30636E2}"
EndProject
Global
	GlobalSection(SolutionConfigurationPlatforms) = preSolution
		Debug|Any CPU = Debug|Any CPU
		Release|Any CPU = Release|Any CPU
	EndGlobalSection
	GlobalSection(ProjectConfigurationPlatforms) = postSolution
		{7266D18B-08BD-4071-B930-AEC5E30636E2}.Debug|Any CPU.ActiveCfg = Debug|Any CPU
		{7266D18B-08BD-4071-B930-AEC5E30636E2}.Debug|Any CPU.Build.0 = Debug|Any CPU
		{7266D18B-08BD-4071-B930-AEC5E30636E2}.Release|Any CPU.ActiveCfg = Release|Any CPU
		{7266D18B-08BD-4071-B930-AEC5E30636E2}.Release|Any CPU.Build.0 = Release|Any CPU
	EndGlobalSection
	GlobalSection(SolutionProperties) = preSolution
		HideSolutionNode = FALSE
	EndGlobalSection
	GlobalSection(ExtensibilityGlobals) = postSolution
		SolutionGuid = {4DDD5A32-B25D-4AAF-BD43-DD451B09FD71}
	EndGlobalSection
EndGlobal
