
Microsoft Visual Studio Solution File, Format Version 12.00
# Visual Studio Version 17
VisualStudioVersion = 17.6.33815.320
MinimumVisualStudioVersion = 10.0.40219.1
Project("{FAE04EC0-301F-11D3-BF4B-00C04F79EFBC}") = "HabitTracker.JamesLizamore", "HabitTracker.JamesLizamore\HabitTracker.JamesLizamore.csproj", "{3978B52E-D1A7-45D6-AD4C-0552FE0D790F}"
EndProject
Global
	GlobalSection(SolutionConfigurationPlatforms) = preSolution
		Debug|Any CPU = Debug|Any CPU
		Release|Any CPU = Release|Any CPU
	EndGlobalSection
	GlobalSection(ProjectConfigurationPlatforms) = postSolution
		{3978B52E-D1A7-45D6-AD4C-0552FE0D790F}.Debug|Any CPU.ActiveCfg = Debug|Any CPU
		{3978B52E-D1A7-45D6-AD4C-0552FE0D790F}.Debug|Any CPU.Build.0 = Debug|Any CPU
		{3978B52E-D1A7-45D6-AD4C-0552FE0D790F}.Release|Any CPU.ActiveCfg = Release|Any CPU
		{3978B52E-D1A7-45D6-AD4C-0552FE0D790F}.Release|Any CPU.Build.0 = Release|Any CPU
	EndGlobalSection
	GlobalSection(SolutionProperties) = preSolution
		HideSolutionNode = FALSE
	EndGlobalSection
	GlobalSection(ExtensibilityGlobals) = postSolution
		SolutionGuid = {0EBF6CB1-5653-428C-AD34-9FCD69C1768A}
	EndGlobalSection
EndGlobal
