
Microsoft Visual Studio Solution File, Format Version 12.00
# Visual Studio Version 17
VisualStudioVersion = 17.5.33627.172
MinimumVisualStudioVersion = 10.0.40219.1
Project("{FAE04EC0-301F-11D3-BF4B-00C04F79EFBC}") = "HabitTracker.UgniusFalze", "HabitTracker.UgniusFalze\HabitTracker.UgniusFalze.csproj", "{D5646137-2E41-4BCA-8EBC-D884E79284C6}"
EndProject
Global
	GlobalSection(SolutionConfigurationPlatforms) = preSolution
		Debug|Any CPU = Debug|Any CPU
		Release|Any CPU = Release|Any CPU
	EndGlobalSection
	GlobalSection(ProjectConfigurationPlatforms) = postSolution
		{D5646137-2E41-4BCA-8EBC-D884E79284C6}.Debug|Any CPU.ActiveCfg = Debug|Any CPU
		{D5646137-2E41-4BCA-8EBC-D884E79284C6}.Debug|Any CPU.Build.0 = Debug|Any CPU
		{D5646137-2E41-4BCA-8EBC-D884E79284C6}.Release|Any CPU.ActiveCfg = Release|Any CPU
		{D5646137-2E41-4BCA-8EBC-D884E79284C6}.Release|Any CPU.Build.0 = Release|Any CPU
	EndGlobalSection
	GlobalSection(SolutionProperties) = preSolution
		HideSolutionNode = FALSE
	EndGlobalSection
	GlobalSection(ExtensibilityGlobals) = postSolution
		SolutionGuid = {7A382E8D-6F38-49B3-BF59-2BB472A88C60}
	EndGlobalSection
EndGlobal
