
Microsoft Visual Studio Solution File, Format Version 12.00
# Visual Studio Version 17
VisualStudioVersion = 17.12.35527.113 d17.12
MinimumVisualStudioVersion = 10.0.40219.1
Project("{FAE04EC0-301F-11D3-BF4B-00C04F79EFBC}") = "HabitTracker.afilipkowski", "HabitTracker.afilipkowski\HabitTracker.afilipkowski.csproj", "{99802953-FA96-4AA1-B2C8-80396CEB89ED}"
EndProject
Project("{FAE04EC0-301F-11D3-BF4B-00C04F79EFBC}") = "Database", "Database\Database.csproj", "{2B11BAE0-0512-4005-ABB6-1882DC54D602}"
EndProject
Global
	GlobalSection(SolutionConfigurationPlatforms) = preSolution
		Debug|Any CPU = Debug|Any CPU
		Release|Any CPU = Release|Any CPU
	EndGlobalSection
	GlobalSection(ProjectConfigurationPlatforms) = postSolution
		{99802953-FA96-4AA1-B2C8-80396CEB89ED}.Debug|Any CPU.ActiveCfg = Debug|Any CPU
		{99802953-FA96-4AA1-B2C8-80396CEB89ED}.Debug|Any CPU.Build.0 = Debug|Any CPU
		{99802953-FA96-4AA1-B2C8-80396CEB89ED}.Release|Any CPU.ActiveCfg = Release|Any CPU
		{99802953-FA96-4AA1-B2C8-80396CEB89ED}.Release|Any CPU.Build.0 = Release|Any CPU
		{2B11BAE0-0512-4005-ABB6-1882DC54D602}.Debug|Any CPU.ActiveCfg = Debug|Any CPU
		{2B11BAE0-0512-4005-ABB6-1882DC54D602}.Debug|Any CPU.Build.0 = Debug|Any CPU
		{2B11BAE0-0512-4005-ABB6-1882DC54D602}.Release|Any CPU.ActiveCfg = Release|Any CPU
		{2B11BAE0-0512-4005-ABB6-1882DC54D602}.Release|Any CPU.Build.0 = Release|Any CPU
	EndGlobalSection
	GlobalSection(SolutionProperties) = preSolution
		HideSolutionNode = FALSE
	EndGlobalSection
EndGlobal
