
Microsoft Visual Studio Solution File, Format Version 12.00
# Visual Studio Version 17
VisualStudioVersion = 17.10.34916.146
MinimumVisualStudioVersion = 10.0.40219.1
Project("{9A19103F-16F7-4668-BE54-9A1E7A4F7556}") = "HabitLogger", "HabitLogger\HabitLogger.csproj", "{BE1EA74B-E977-401D-9666-1EB290D9840B}"
EndProject
Global
	GlobalSection(SolutionConfigurationPlatforms) = preSolution
		All|Any CPU = All|Any CPU
		Debug|Any CPU = Debug|Any CPU
		Release|Any CPU = Release|Any CPU
	EndGlobalSection
	GlobalSection(ProjectConfigurationPlatforms) = postSolution
		{BE1EA74B-E977-401D-9666-1EB290D9840B}.All|Any CPU.ActiveCfg = Release|Any CPU
		{BE1EA74B-E977-401D-9666-1EB290D9840B}.All|Any CPU.Build.0 = Release|Any CPU
		{BE1EA74B-E977-401D-9666-1EB290D9840B}.Debug|Any CPU.ActiveCfg = Debug|Any CPU
		{BE1EA74B-E977-401D-9666-1EB290D9840B}.Debug|Any CPU.Build.0 = Debug|Any CPU
		{BE1EA74B-E977-401D-9666-1EB290D9840B}.Release|Any CPU.ActiveCfg = Release|Any CPU
		{BE1EA74B-E977-401D-9666-1EB290D9840B}.Release|Any CPU.Build.0 = Release|Any CPU
	EndGlobalSection
	GlobalSection(SolutionProperties) = preSolution
		HideSolutionNode = FALSE
	EndGlobalSection
	GlobalSection(ExtensibilityGlobals) = postSolution
		SolutionGuid = {855700A6-B872-440C-BA63-174CA496097B}
	EndGlobalSection
EndGlobal
