
Microsoft Visual Studio Solution File, Format Version 12.00
# Visual Studio Version 17
VisualStudioVersion = 17.6.33829.357
MinimumVisualStudioVersion = 10.0.40219.1
Project("{FAE04EC0-301F-11D3-BF4B-00C04F79EFBC}") = "HabitTracker.TomDonegan", "HabitTracker.TomDonegan.csproj", "{D73A8F4F-62AA-47D2-857D-49AA35BF6573}"
EndProject
Global
	GlobalSection(SolutionConfigurationPlatforms) = preSolution
		Debug|Any CPU = Debug|Any CPU
		Release|Any CPU = Release|Any CPU
	EndGlobalSection
	GlobalSection(ProjectConfigurationPlatforms) = postSolution
		{D73A8F4F-62AA-47D2-857D-49AA35BF6573}.Debug|Any CPU.ActiveCfg = Debug|Any CPU
		{D73A8F4F-62AA-47D2-857D-49AA35BF6573}.Debug|Any CPU.Build.0 = Debug|Any CPU
		{D73A8F4F-62AA-47D2-857D-49AA35BF6573}.Release|Any CPU.ActiveCfg = Release|Any CPU
		{D73A8F4F-62AA-47D2-857D-49AA35BF6573}.Release|Any CPU.Build.0 = Release|Any CPU
	EndGlobalSection
	GlobalSection(SolutionProperties) = preSolution
		HideSolutionNode = FALSE
	EndGlobalSection
	GlobalSection(ExtensibilityGlobals) = postSolution
		SolutionGuid = {7AD1E38F-CB41-4803-8C95-D2578BB7C0D3}
	EndGlobalSection
EndGlobal
