
Microsoft Visual Studio Solution File, Format Version 12.00
# Visual Studio Version 17
VisualStudioVersion = 17.7.34031.279
MinimumVisualStudioVersion = 10.0.40219.1
Project("{FAE04EC0-301F-11D3-BF4B-00C04F79EFBC}") = "HabitLogger", "HabitLogger\HabitLogger.csproj", "{BEB25D29-FC82-4370-B5DA-5D074BBD154B}"
EndProject
Global
	GlobalSection(SolutionConfigurationPlatforms) = preSolution
		Debug|Any CPU = Debug|Any CPU
		Release|Any CPU = Release|Any CPU
	EndGlobalSection
	GlobalSection(ProjectConfigurationPlatforms) = postSolution
		{BEB25D29-FC82-4370-B5DA-5D074BBD154B}.Debug|Any CPU.ActiveCfg = Debug|Any CPU
		{BEB25D29-FC82-4370-B5DA-5D074BBD154B}.Debug|Any CPU.Build.0 = Debug|Any CPU
		{BEB25D29-FC82-4370-B5DA-5D074BBD154B}.Release|Any CPU.ActiveCfg = Release|Any CPU
		{BEB25D29-FC82-4370-B5DA-5D074BBD154B}.Release|Any CPU.Build.0 = Release|Any CPU
	EndGlobalSection
	GlobalSection(SolutionProperties) = preSolution
		HideSolutionNode = FALSE
	EndGlobalSection
	GlobalSection(ExtensibilityGlobals) = postSolution
		SolutionGuid = {5B89BD74-17B2-45D0-A63D-9FE7362167A0}
	EndGlobalSection
EndGlobal
