
Microsoft Visual Studio Solution File, Format Version 12.00
# Visual Studio Version 17
VisualStudioVersion = 17.0.31903.59
MinimumVisualStudioVersion = 10.0.40219.1
Project("{FAE04EC0-301F-11D3-BF4B-00C04F79EFBC}") = "HabitTracker.javedkhan2k2", "HabitTracker.javedkhan2k2\HabitTracker.javedkhan2k2.csproj", "{A5D632C6-7988-4F85-BA96-CABD069791A5}"
EndProject
Global
	GlobalSection(SolutionConfigurationPlatforms) = preSolution
		Debug|Any CPU = Debug|Any CPU
		Release|Any CPU = Release|Any CPU
	EndGlobalSection
	GlobalSection(SolutionProperties) = preSolution
		HideSolutionNode = FALSE
	EndGlobalSection
	GlobalSection(ProjectConfigurationPlatforms) = postSolution
		{A5D632C6-7988-4F85-BA96-CABD069791A5}.Debug|Any CPU.ActiveCfg = Debug|Any CPU
		{A5D632C6-7988-4F85-BA96-CABD069791A5}.Debug|Any CPU.Build.0 = Debug|Any CPU
		{A5D632C6-7988-4F85-BA96-CABD069791A5}.Release|Any CPU.ActiveCfg = Release|Any CPU
		{A5D632C6-7988-4F85-BA96-CABD069791A5}.Release|Any CPU.Build.0 = Release|Any CPU
	EndGlobalSection
EndGlobal
