
Microsoft Visual Studio Solution File, Format Version 12.00
# Visual Studio Version 17
VisualStudioVersion = 17.5.002.0
MinimumVisualStudioVersion = 10.0.40219.1
Project("{9A19103F-16F7-4668-BE54-9A1E7A4F7556}") = "HoRalph.Console.HabbitTracker", "HoRalph.Console.HabbitTracker\HoRalph.Console.HabbitTracker.csproj", "{E1322C69-DEBD-4564-8435-4C80DEA91452}"
EndProject
Global
	GlobalSection(SolutionConfigurationPlatforms) = preSolution
		Debug|Any CPU = Debug|Any CPU
		Release|Any CPU = Release|Any CPU
	EndGlobalSection
	GlobalSection(ProjectConfigurationPlatforms) = postSolution
		{E1322C69-DEBD-4564-8435-4C80DEA91452}.Debug|Any CPU.ActiveCfg = Debug|Any CPU
		{E1322C69-DEBD-4564-8435-4C80DEA91452}.Debug|Any CPU.Build.0 = Debug|Any CPU
		{E1322C69-DEBD-4564-8435-4C80DEA91452}.Release|Any CPU.ActiveCfg = Release|Any CPU
		{E1322C69-DEBD-4564-8435-4C80DEA91452}.Release|Any CPU.Build.0 = Release|Any CPU
	EndGlobalSection
	GlobalSection(SolutionProperties) = preSolution
		HideSolutionNode = FALSE
	EndGlobalSection
	GlobalSection(ExtensibilityGlobals) = postSolution
		SolutionGuid = {849A94D2-B614-4A7F-802D-D1293BC75277}
	EndGlobalSection
EndGlobal
