
Microsoft Visual Studio Solution File, Format Version 12.00
# Visual Studio Version 17
VisualStudioVersion = 17.8.34330.188
MinimumVisualStudioVersion = 10.0.40219.1
Project("{FAE04EC0-301F-11D3-BF4B-00C04F79EFBC}") = "HabitTracker", "HabitTracker\HabitTracker.csproj", "{3577EEC7-2C12-493D-A518-73F26080B795}"
EndProject
Global
	GlobalSection(SolutionConfigurationPlatforms) = preSolution
		Debug|Any CPU = Debug|Any CPU
		Release|Any CPU = Release|Any CPU
	EndGlobalSection
	GlobalSection(ProjectConfigurationPlatforms) = postSolution
		{3577EEC7-2C12-493D-A518-73F26080B795}.Debug|Any CPU.ActiveCfg = Debug|Any CPU
		{3577EEC7-2C12-493D-A518-73F26080B795}.Debug|Any CPU.Build.0 = Debug|Any CPU
		{3577EEC7-2C12-493D-A518-73F26080B795}.Release|Any CPU.ActiveCfg = Release|Any CPU
		{3577EEC7-2C12-493D-A518-73F26080B795}.Release|Any CPU.Build.0 = Release|Any CPU
	EndGlobalSection
	GlobalSection(SolutionProperties) = preSolution
		HideSolutionNode = FALSE
	EndGlobalSection
	GlobalSection(ExtensibilityGlobals) = postSolution
		SolutionGuid = {DA1145CA-7CAF-4B2C-9BA5-2333FB694032}
	EndGlobalSection
EndGlobal
