
Microsoft Visual Studio Solution File, Format Version 12.00
# Visual Studio Version 17
VisualStudioVersion = 17.13.35818.85
MinimumVisualStudioVersion = 10.0.40219.1
Project("{FAE04EC0-301F-11D3-BF4B-00C04F79EFBC}") = "Habit Tracker.Andrewki44", "Habit Tracker\Habit Tracker.Andrewki44.csproj", "{4BD3958E-C98F-442F-82AC-4BD4046924E5}"
EndProject
Project("{FAE04EC0-301F-11D3-BF4B-00C04F79EFBC}") = "Database", "SQLite\Database.csproj", "{4FF9AD52-6BE1-4C96-9606-91FA9583860F}"
EndProject
Global
	GlobalSection(SolutionConfigurationPlatforms) = preSolution
		Debug|Any CPU = Debug|Any CPU
		Release|Any CPU = Release|Any CPU
	EndGlobalSection
	GlobalSection(ProjectConfigurationPlatforms) = postSolution
		{4BD3958E-C98F-442F-82AC-4BD4046924E5}.Debug|Any CPU.ActiveCfg = Debug|Any CPU
		{4BD3958E-C98F-442F-82AC-4BD4046924E5}.Debug|Any CPU.Build.0 = Debug|Any CPU
		{4BD3958E-C98F-442F-82AC-4BD4046924E5}.Release|Any CPU.ActiveCfg = Release|Any CPU
		{4BD3958E-C98F-442F-82AC-4BD4046924E5}.Release|Any CPU.Build.0 = Release|Any CPU
		{4FF9AD52-6BE1-4C96-9606-91FA9583860F}.Debug|Any CPU.ActiveCfg = Debug|Any CPU
		{4FF9AD52-6BE1-4C96-9606-91FA9583860F}.Debug|Any CPU.Build.0 = Debug|Any CPU
		{4FF9AD52-6BE1-4C96-9606-91FA9583860F}.Release|Any CPU.ActiveCfg = Release|Any CPU
		{4FF9AD52-6BE1-4C96-9606-91FA9583860F}.Release|Any CPU.Build.0 = Release|Any CPU
	EndGlobalSection
	GlobalSection(SolutionProperties) = preSolution
		HideSolutionNode = FALSE
	EndGlobalSection
	GlobalSection(ExtensibilityGlobals) = postSolution
		SolutionGuid = {CBA9E56B-85E5-4513-AC44-B15F80D69F28}
	EndGlobalSection
EndGlobal
