
Microsoft Visual Studio Solution File, Format Version 12.00
# Visual Studio Version 17
VisualStudioVersion = 17.4.33213.308
MinimumVisualStudioVersion = 10.0.40219.1
Project("{FAE04EC0-301F-11D3-BF4B-00C04F79EFBC}") = "yashsachdev.HabitTracker", "yashsachdev.HabitTracker.csproj", "{08685853-282B-451A-8FA2-0402020B54E8}"
EndProject
Global
	GlobalSection(SolutionConfigurationPlatforms) = preSolution
		Debug|Any CPU = Debug|Any CPU
		Release|Any CPU = Release|Any CPU
	EndGlobalSection
	GlobalSection(ProjectConfigurationPlatforms) = postSolution
		{08685853-282B-451A-8FA2-0402020B54E8}.Debug|Any CPU.ActiveCfg = Debug|Any CPU
		{08685853-282B-451A-8FA2-0402020B54E8}.Debug|Any CPU.Build.0 = Debug|Any CPU
		{08685853-282B-451A-8FA2-0402020B54E8}.Release|Any CPU.ActiveCfg = Release|Any CPU
		{08685853-282B-451A-8FA2-0402020B54E8}.Release|Any CPU.Build.0 = Release|Any CPU
	EndGlobalSection
	GlobalSection(SolutionProperties) = preSolution
		HideSolutionNode = FALSE
	EndGlobalSection
	GlobalSection(ExtensibilityGlobals) = postSolution
		SolutionGuid = {75007607-D18D-4E2C-8057-F513EC7B31F2}
	EndGlobalSection
EndGlobal
