
Microsoft Visual Studio Solution File, Format Version 12.00
# Visual Studio Version 17
VisualStudioVersion = 17.6.33815.320
MinimumVisualStudioVersion = 10.0.40219.1
Project("{FAE04EC0-301F-11D3-BF4B-00C04F79EFBC}") = "HabitTracker.w0lvesvvv", "HabitTracker.w0lvesvvv\HabitTracker.w0lvesvvv.csproj", "{2FDAD716-6B36-4FE4-9030-F7C02479A1A5}"
EndProject
Global
	GlobalSection(SolutionConfigurationPlatforms) = preSolution
		Debug|Any CPU = Debug|Any CPU
		Release|Any CPU = Release|Any CPU
	EndGlobalSection
	GlobalSection(ProjectConfigurationPlatforms) = postSolution
		{2FDAD716-6B36-4FE4-9030-F7C02479A1A5}.Debug|Any CPU.ActiveCfg = Debug|Any CPU
		{2FDAD716-6B36-4FE4-9030-F7C02479A1A5}.Debug|Any CPU.Build.0 = Debug|Any CPU
		{2FDAD716-6B36-4FE4-9030-F7C02479A1A5}.Release|Any CPU.ActiveCfg = Release|Any CPU
		{2FDAD716-6B36-4FE4-9030-F7C02479A1A5}.Release|Any CPU.Build.0 = Release|Any CPU
	EndGlobalSection
	GlobalSection(SolutionProperties) = preSolution
		HideSolutionNode = FALSE
	EndGlobalSection
	GlobalSection(ExtensibilityGlobals) = postSolution
		SolutionGuid = {2D015BF9-BBCA-47B1-9969-1E1FF8AFD8E9}
	EndGlobalSection
EndGlobal
