
Microsoft Visual Studio Solution File, Format Version 12.00
# Visual Studio Version 17
VisualStudioVersion = 17.8.34525.116
MinimumVisualStudioVersion = 10.0.40219.1
Project("{FAE04EC0-301F-11D3-BF4B-00C04F79EFBC}") = "Buutyful.HabitTracker", "Buutyful.HabitTracker\Buutyful.HabitTracker.csproj", "{A787A5FF-9F81-4839-8407-EB1787F37690}"
EndProject
Global
	GlobalSection(SolutionConfigurationPlatforms) = preSolution
		Debug|Any CPU = Debug|Any CPU
		Release|Any CPU = Release|Any CPU
	EndGlobalSection
	GlobalSection(ProjectConfigurationPlatforms) = postSolution
		{A787A5FF-9F81-4839-8407-EB1787F37690}.Debug|Any CPU.ActiveCfg = Debug|Any CPU
		{A787A5FF-9F81-4839-8407-EB1787F37690}.Debug|Any CPU.Build.0 = Debug|Any CPU
		{A787A5FF-9F81-4839-8407-EB1787F37690}.Release|Any CPU.ActiveCfg = Release|Any CPU
		{A787A5FF-9F81-4839-8407-EB1787F37690}.Release|Any CPU.Build.0 = Release|Any CPU
	EndGlobalSection
	GlobalSection(SolutionProperties) = preSolution
		HideSolutionNode = FALSE
	EndGlobalSection
	GlobalSection(ExtensibilityGlobals) = postSolution
		SolutionGuid = {4D3CCED9-B416-4029-9E75-59F078D174F8}
	EndGlobalSection
EndGlobal
