
Microsoft Visual Studio Solution File, Format Version 12.00
# Visual Studio Version 17
VisualStudioVersion = 17.13.35806.99 d17.13
MinimumVisualStudioVersion = 10.0.40219.1
Project("{FAE04EC0-301F-11D3-BF4B-00C04F79EFBC}") = "HabitLogger.mrgee1978", "HabitLogger.mrgee1978\HabitLogger.mrgee1978.csproj", "{FD116E24-599C-4EA8-813B-9F56DF2CE347}"
EndProject
Global
	GlobalSection(SolutionConfigurationPlatforms) = preSolution
		Debug|Any CPU = Debug|Any CPU
		Release|Any CPU = Release|Any CPU
	EndGlobalSection
	GlobalSection(ProjectConfigurationPlatforms) = postSolution
		{FD116E24-599C-4EA8-813B-9F56DF2CE347}.Debug|Any CPU.ActiveCfg = Debug|Any CPU
		{FD116E24-599C-4EA8-813B-9F56DF2CE347}.Debug|Any CPU.Build.0 = Debug|Any CPU
		{FD116E24-599C-4EA8-813B-9F56DF2CE347}.Release|Any CPU.ActiveCfg = Release|Any CPU
		{FD116E24-599C-4EA8-813B-9F56DF2CE347}.Release|Any CPU.Build.0 = Release|Any CPU
	EndGlobalSection
	GlobalSection(SolutionProperties) = preSolution
		HideSolutionNode = FALSE
	EndGlobalSection
	GlobalSection(ExtensibilityGlobals) = postSolution
		SolutionGuid = {5E6B2EF9-7C36-4EE6-AC84-79318A7F038A}
	EndGlobalSection
EndGlobal
