
Microsoft Visual Studio Solution File, Format Version 12.00
# Visual Studio Version 17
VisualStudioVersion = 17.8.34330.188
MinimumVisualStudioVersion = 10.0.40219.1
Project("{FAE04EC0-301F-11D3-BF4B-00C04F79EFBC}") = "HabitTracker.StevieTV", "HabitTracker.StevieTV\HabitTracker.StevieTV.csproj", "{08741DD1-A095-46D2-B117-C46C90F03E13}"
EndProject
Global
	GlobalSection(SolutionConfigurationPlatforms) = preSolution
		Debug|Any CPU = Debug|Any CPU
		Release|Any CPU = Release|Any CPU
	EndGlobalSection
	GlobalSection(ProjectConfigurationPlatforms) = postSolution
		{08741DD1-A095-46D2-B117-C46C90F03E13}.Debug|Any CPU.ActiveCfg = Debug|Any CPU
		{08741DD1-A095-46D2-B117-C46C90F03E13}.Debug|Any CPU.Build.0 = Debug|Any CPU
		{08741DD1-A095-46D2-B117-C46C90F03E13}.Release|Any CPU.ActiveCfg = Release|Any CPU
		{08741DD1-A095-46D2-B117-C46C90F03E13}.Release|Any CPU.Build.0 = Release|Any CPU
	EndGlobalSection
	GlobalSection(SolutionProperties) = preSolution
		HideSolutionNode = FALSE
	EndGlobalSection
	GlobalSection(ExtensibilityGlobals) = postSolution
		SolutionGuid = {2371FE4F-AC9B-46D5-BA5C-7D1648EE4B09}
	EndGlobalSection
EndGlobal
