
Microsoft Visual Studio Solution File, Format Version 12.00
# Visual Studio Version 17
VisualStudioVersion = 17.8.34525.116
MinimumVisualStudioVersion = 10.0.40219.1
Project("{FAE04EC0-301F-11D3-BF4B-00C04F79EFBC}") = "HabitTracker.Challenger720", "HabitTracker.Challenger720\HabitTracker.Challenger720.csproj", "{0AB5D00A-5F34-4542-95F3-C29E35DF3DD0}"
EndProject
Global
	GlobalSection(SolutionConfigurationPlatforms) = preSolution
		Debug|Any CPU = Debug|Any CPU
		Release|Any CPU = Release|Any CPU
	EndGlobalSection
	GlobalSection(ProjectConfigurationPlatforms) = postSolution
		{0AB5D00A-5F34-4542-95F3-C29E35DF3DD0}.Debug|Any CPU.ActiveCfg = Debug|Any CPU
		{0AB5D00A-5F34-4542-95F3-C29E35DF3DD0}.Debug|Any CPU.Build.0 = Debug|Any CPU
		{0AB5D00A-5F34-4542-95F3-C29E35DF3DD0}.Release|Any CPU.ActiveCfg = Release|Any CPU
		{0AB5D00A-5F34-4542-95F3-C29E35DF3DD0}.Release|Any CPU.Build.0 = Release|Any CPU
	EndGlobalSection
	GlobalSection(SolutionProperties) = preSolution
		HideSolutionNode = FALSE
	EndGlobalSection
	GlobalSection(ExtensibilityGlobals) = postSolution
		SolutionGuid = {4AAD45B2-F815-47F4-AAA7-FAEF7F5F9101}
	EndGlobalSection
EndGlobal
