
Microsoft Visual Studio Solution File, Format Version 12.00
# Visual Studio Version 17
VisualStudioVersion = 17.10.35013.160
MinimumVisualStudioVersion = 10.0.40219.1
Project("{FAE04EC0-301F-11D3-BF4B-00C04F79EFBC}") = "HabitLogger", "HabitLogger.csproj", "{FE13F296-1C12-4C02-B4A9-868CFE8D92D8}"
EndProject
Global
	GlobalSection(SolutionConfigurationPlatforms) = preSolution
		Debug|Any CPU = Debug|Any CPU
		Release|Any CPU = Release|Any CPU
	EndGlobalSection
	GlobalSection(ProjectConfigurationPlatforms) = postSolution
		{FE13F296-1C12-4C02-B4A9-868CFE8D92D8}.Debug|Any CPU.ActiveCfg = Debug|Any CPU
		{FE13F296-1C12-4C02-B4A9-868CFE8D92D8}.Debug|Any CPU.Build.0 = Debug|Any CPU
		{FE13F296-1C12-4C02-B4A9-868CFE8D92D8}.Release|Any CPU.ActiveCfg = Release|Any CPU
		{FE13F296-1C12-4C02-B4A9-868CFE8D92D8}.Release|Any CPU.Build.0 = Release|Any CPU
	EndGlobalSection
	GlobalSection(SolutionProperties) = preSolution
		HideSolutionNode = FALSE
	EndGlobalSection
	GlobalSection(ExtensibilityGlobals) = postSolution
		SolutionGuid = {4C01CD9C-EE67-4D7D-9B90-76A57E5F580A}
	EndGlobalSection
EndGlobal
