
Microsoft Visual Studio Solution File, Format Version 12.00
# Visual Studio Version 17
VisualStudioVersion = 17.11.35222.181
MinimumVisualStudioVersion = 10.0.40219.1
Project("{FAE04EC0-301F-11D3-BF4B-00C04F79EFBC}") = "HabitLogger", "HabitLogger\HabitLogger.csproj", "{5D72E237-ABB9-46F4-B8AE-CDB65D04A6D0}"
EndProject
Global
	GlobalSection(SolutionConfigurationPlatforms) = preSolution
		Debug|Any CPU = Debug|Any CPU
		Release|Any CPU = Release|Any CPU
	EndGlobalSection
	GlobalSection(ProjectConfigurationPlatforms) = postSolution
		{5D72E237-ABB9-46F4-B8AE-CDB65D04A6D0}.Debug|Any CPU.ActiveCfg = Debug|Any CPU
		{5D72E237-ABB9-46F4-B8AE-CDB65D04A6D0}.Debug|Any CPU.Build.0 = Debug|Any CPU
		{5D72E237-ABB9-46F4-B8AE-CDB65D04A6D0}.Release|Any CPU.ActiveCfg = Release|Any CPU
		{5D72E237-ABB9-46F4-B8AE-CDB65D04A6D0}.Release|Any CPU.Build.0 = Release|Any CPU
	EndGlobalSection
	GlobalSection(SolutionProperties) = preSolution
		HideSolutionNode = FALSE
	EndGlobalSection
	GlobalSection(ExtensibilityGlobals) = postSolution
		SolutionGuid = {235F5D9E-75F4-43B9-977B-8FF470580407}
	EndGlobalSection
EndGlobal
