
Microsoft Visual Studio Solution File, Format Version 12.00
# Visual Studio Version 17
VisualStudioVersion = 17.10.35027.167
MinimumVisualStudioVersion = 10.0.40219.1
Project("{FAE04EC0-301F-11D3-BF4B-00C04F79EFBC}") = "HabitLogger", "HabitLogger\HabitLogger.csproj", "{25D3ECAB-DD70-47A8-8915-263773554ED9}"
EndProject
Global
	GlobalSection(SolutionConfigurationPlatforms) = preSolution
		Debug|Any CPU = Debug|Any CPU
		Release|Any CPU = Release|Any CPU
	EndGlobalSection
	GlobalSection(ProjectConfigurationPlatforms) = postSolution
		{25D3ECAB-DD70-47A8-8915-263773554ED9}.Debug|Any CPU.ActiveCfg = Debug|Any CPU
		{25D3ECAB-DD70-47A8-8915-263773554ED9}.Debug|Any CPU.Build.0 = Debug|Any CPU
		{25D3ECAB-DD70-47A8-8915-263773554ED9}.Release|Any CPU.ActiveCfg = Release|Any CPU
		{25D3ECAB-DD70-47A8-8915-263773554ED9}.Release|Any CPU.Build.0 = Release|Any CPU
	EndGlobalSection
	GlobalSection(SolutionProperties) = preSolution
		HideSolutionNode = FALSE
	EndGlobalSection
	GlobalSection(ExtensibilityGlobals) = postSolution
		SolutionGuid = {42B3F6F6-BF85-41AC-8B9D-E010B3DEBAE5}
	EndGlobalSection
EndGlobal
