
Microsoft Visual Studio Solution File, Format Version 12.00
# Visual Studio Version 17
VisualStudioVersion = 17.5.002.0
MinimumVisualStudioVersion = 10.0.40219.1
Project("{9A19103F-16F7-4668-BE54-9A1E7A4F7556}") = "HabitTracker", "HabitTracker\HabitTracker.csproj", "{720741B3-3E38-42B8-8920-9CF45683FEF5}"
EndProject
Global
	GlobalSection(SolutionConfigurationPlatforms) = preSolution
		Debug|Any CPU = Debug|Any CPU
		Release|Any CPU = Release|Any CPU
	EndGlobalSection
	GlobalSection(ProjectConfigurationPlatforms) = postSolution
		{720741B3-3E38-42B8-8920-9CF45683FEF5}.Debug|Any CPU.ActiveCfg = Debug|Any CPU
		{720741B3-3E38-42B8-8920-9CF45683FEF5}.Debug|Any CPU.Build.0 = Debug|Any CPU
		{720741B3-3E38-42B8-8920-9CF45683FEF5}.Release|Any CPU.ActiveCfg = Release|Any CPU
		{720741B3-3E38-42B8-8920-9CF45683FEF5}.Release|Any CPU.Build.0 = Release|Any CPU
	EndGlobalSection
	GlobalSection(SolutionProperties) = preSolution
		HideSolutionNode = FALSE
	EndGlobalSection
	GlobalSection(ExtensibilityGlobals) = postSolution
		SolutionGuid = {BF5087FA-8BF6-4609-BDE3-B2DDEB209101}
	EndGlobalSection
EndGlobal
