
Microsoft Visual Studio Solution File, Format Version 12.00
# Visual Studio Version 17
VisualStudioVersion = 17.6.33829.357
MinimumVisualStudioVersion = 10.0.40219.1
Project("{FAE04EC0-301F-11D3-BF4B-00C04F79EFBC}") = "HabitTracker.lordWalnuts", "HabitTracker.lordWalnuts\HabitTracker.lordWalnuts.csproj", "{FE04B911-8000-4464-96DB-E566B1D655CC}"
EndProject
Global
	GlobalSection(SolutionConfigurationPlatforms) = preSolution
		Debug|Any CPU = Debug|Any CPU
		Release|Any CPU = Release|Any CPU
	EndGlobalSection
	GlobalSection(ProjectConfigurationPlatforms) = postSolution
		{FE04B911-8000-4464-96DB-E566B1D655CC}.Debug|Any CPU.ActiveCfg = Debug|Any CPU
		{FE04B911-8000-4464-96DB-E566B1D655CC}.Debug|Any CPU.Build.0 = Debug|Any CPU
		{FE04B911-8000-4464-96DB-E566B1D655CC}.Release|Any CPU.ActiveCfg = Release|Any CPU
		{FE04B911-8000-4464-96DB-E566B1D655CC}.Release|Any CPU.Build.0 = Release|Any CPU
	EndGlobalSection
	GlobalSection(SolutionProperties) = preSolution
		HideSolutionNode = FALSE
	EndGlobalSection
	GlobalSection(ExtensibilityGlobals) = postSolution
		SolutionGuid = {63C7A226-C2B0-4C43-8443-ABD8447EC2F4}
	EndGlobalSection
EndGlobal
