
Microsoft Visual Studio Solution File, Format Version 12.00
# Visual Studio Version 17
VisualStudioVersion = 17.7.34031.279
MinimumVisualStudioVersion = 10.0.40219.1
Project("{FAE04EC0-301F-11D3-BF4B-00C04F79EFBC}") = "HabitTracker.Forser", "HabitTracker.Forser.csproj", "{B6C700E9-0869-4E82-9F62-0BAC0FD2AD24}"
EndProject
Global
	GlobalSection(SolutionConfigurationPlatforms) = preSolution
		Debug|Any CPU = Debug|Any CPU
		Release|Any CPU = Release|Any CPU
	EndGlobalSection
	GlobalSection(ProjectConfigurationPlatforms) = postSolution
		{B6C700E9-0869-4E82-9F62-0BAC0FD2AD24}.Debug|Any CPU.ActiveCfg = Debug|Any CPU
		{B6C700E9-0869-4E82-9F62-0BAC0FD2AD24}.Debug|Any CPU.Build.0 = Debug|Any CPU
		{B6C700E9-0869-4E82-9F62-0BAC0FD2AD24}.Release|Any CPU.ActiveCfg = Release|Any CPU
		{B6C700E9-0869-4E82-9F62-0BAC0FD2AD24}.Release|Any CPU.Build.0 = Release|Any CPU
	EndGlobalSection
	GlobalSection(SolutionProperties) = preSolution
		HideSolutionNode = FALSE
	EndGlobalSection
	GlobalSection(ExtensibilityGlobals) = postSolution
		SolutionGuid = {9B31A981-6518-4B70-A62F-9FE9A2CEA7F6}
	EndGlobalSection
EndGlobal
