
Microsoft Visual Studio Solution File, Format Version 12.00
# Visual Studio Version 17
VisualStudioVersion = 17.13.35806.99 d17.13
MinimumVisualStudioVersion = 10.0.40219.1
Project("{FAE04EC0-301F-11D3-BF4B-00C04F79EFBC}") = "HabitTracker", "HabitTracker\HabitTracker.csproj", "{FB14B4DB-EC51-4ED0-8A98-CC2725070796}"
EndProject
Project("{FAE04EC0-301F-11D3-BF4B-00C04F79EFBC}") = "HabitTracker.Business", "HabitTracker.Business\HabitTracker.Business.csproj", "{C5FE57F9-65F4-47CA-8617-5111C0F95376}"
EndProject
Global
	GlobalSection(SolutionConfigurationPlatforms) = preSolution
		Debug|Any CPU = Debug|Any CPU
		Release|Any CPU = Release|Any CPU
	EndGlobalSection
	GlobalSection(ProjectConfigurationPlatforms) = postSolution
		{FB14B4DB-EC51-4ED0-8A98-CC2725070796}.Debug|Any CPU.ActiveCfg = Debug|Any CPU
		{FB14B4DB-EC51-4ED0-8A98-CC2725070796}.Debug|Any CPU.Build.0 = Debug|Any CPU
		{FB14B4DB-EC51-4ED0-8A98-CC2725070796}.Release|Any CPU.ActiveCfg = Release|Any CPU
		{FB14B4DB-EC51-4ED0-8A98-CC2725070796}.Release|Any CPU.Build.0 = Release|Any CPU
		{C5FE57F9-65F4-47CA-8617-5111C0F95376}.Debug|Any CPU.ActiveCfg = Debug|Any CPU
		{C5FE57F9-65F4-47CA-8617-5111C0F95376}.Debug|Any CPU.Build.0 = Debug|Any CPU
		{C5FE57F9-65F4-47CA-8617-5111C0F95376}.Release|Any CPU.ActiveCfg = Release|Any CPU
		{C5FE57F9-65F4-47CA-8617-5111C0F95376}.Release|Any CPU.Build.0 = Release|Any CPU
	EndGlobalSection
	GlobalSection(SolutionProperties) = preSolution
		HideSolutionNode = FALSE
	EndGlobalSection
	GlobalSection(ExtensibilityGlobals) = postSolution
		SolutionGuid = {FC844C55-2C37-4E56-B115-D220386513CB}
	EndGlobalSection
EndGlobal
