
Microsoft Visual Studio Solution File, Format Version 12.00
# Visual Studio Version 17
VisualStudioVersion = 17.9.34607.119
MinimumVisualStudioVersion = 10.0.40219.1
Project("{FAE04EC0-301F-11D3-BF4B-00C04F79EFBC}") = "habitTracker.fennikko", "habitTracker.fennikko\habitTracker.fennikko.csproj", "{DDDBB6A4-BB00-4674-AA05-6A3570ED9FB4}"
EndProject
Global
	GlobalSection(SolutionConfigurationPlatforms) = preSolution
		Debug|Any CPU = Debug|Any CPU
		Release|Any CPU = Release|Any CPU
	EndGlobalSection
	GlobalSection(ProjectConfigurationPlatforms) = postSolution
		{DDDBB6A4-BB00-4674-AA05-6A3570ED9FB4}.Debug|Any CPU.ActiveCfg = Debug|Any CPU
		{DDDBB6A4-BB00-4674-AA05-6A3570ED9FB4}.Debug|Any CPU.Build.0 = Debug|Any CPU
		{DDDBB6A4-BB00-4674-AA05-6A3570ED9FB4}.Release|Any CPU.ActiveCfg = Release|Any CPU
		{DDDBB6A4-BB00-4674-AA05-6A3570ED9FB4}.Release|Any CPU.Build.0 = Release|Any CPU
	EndGlobalSection
	GlobalSection(SolutionProperties) = preSolution
		HideSolutionNode = FALSE
	EndGlobalSection
	GlobalSection(ExtensibilityGlobals) = postSolution
		SolutionGuid = {648CDFB6-D206-4CE2-B561-594CDF8B24F4}
	EndGlobalSection
EndGlobal
