
Microsoft Visual Studio Solution File, Format Version 12.00
# Visual Studio Version 17
VisualStudioVersion = 17.9.34723.18
MinimumVisualStudioVersion = 10.0.40219.1
Project("{9A19103F-16F7-4668-BE54-9A1E7A4F7556}") = "HabitTrackerConsole", "HabitTrackerConsole\HabitTrackerConsole.csproj", "{6AC5AE8A-399D-4D90-9A0E-62D8ED609DBA}"
EndProject
Global
	GlobalSection(SolutionConfigurationPlatforms) = preSolution
		Debug|Any CPU = Debug|Any CPU
		Release|Any CPU = Release|Any CPU
	EndGlobalSection
	GlobalSection(ProjectConfigurationPlatforms) = postSolution
		{6AC5AE8A-399D-4D90-9A0E-62D8ED609DBA}.Debug|Any CPU.ActiveCfg = Debug|Any CPU
		{6AC5AE8A-399D-4D90-9A0E-62D8ED609DBA}.Debug|Any CPU.Build.0 = Debug|Any CPU
		{6AC5AE8A-399D-4D90-9A0E-62D8ED609DBA}.Release|Any CPU.ActiveCfg = Release|Any CPU
		{6AC5AE8A-399D-4D90-9A0E-62D8ED609DBA}.Release|Any CPU.Build.0 = Release|Any CPU
	EndGlobalSection
	GlobalSection(SolutionProperties) = preSolution
		HideSolutionNode = FALSE
	EndGlobalSection
	GlobalSection(ExtensibilityGlobals) = postSolution
		SolutionGuid = {660A709D-3FA5-4001-8A31-A46D6CE54B63}
	EndGlobalSection
EndGlobal
