
Microsoft Visual Studio Solution File, Format Version 12.00
# Visual Studio Version 17
VisualStudioVersion = 17.5.33530.505
MinimumVisualStudioVersion = 10.0.40219.1
Project("{FAE04EC0-301F-11D3-BF4B-00C04F79EFBC}") = "HabitTracker.barlowtyler96", "HabitTracker.barlowtyler96\HabitTracker.barlowtyler96.csproj", "{1E01DB76-AE23-44BE-A8D1-E5AD078FCE6A}"
EndProject
Global
	GlobalSection(SolutionConfigurationPlatforms) = preSolution
		Debug|Any CPU = Debug|Any CPU
		Release|Any CPU = Release|Any CPU
	EndGlobalSection
	GlobalSection(ProjectConfigurationPlatforms) = postSolution
		{1E01DB76-AE23-44BE-A8D1-E5AD078FCE6A}.Debug|Any CPU.ActiveCfg = Debug|Any CPU
		{1E01DB76-AE23-44BE-A8D1-E5AD078FCE6A}.Debug|Any CPU.Build.0 = Debug|Any CPU
		{1E01DB76-AE23-44BE-A8D1-E5AD078FCE6A}.Release|Any CPU.ActiveCfg = Release|Any CPU
		{1E01DB76-AE23-44BE-A8D1-E5AD078FCE6A}.Release|Any CPU.Build.0 = Release|Any CPU
	EndGlobalSection
	GlobalSection(SolutionProperties) = preSolution
		HideSolutionNode = FALSE
	EndGlobalSection
	GlobalSection(ExtensibilityGlobals) = postSolution
		SolutionGuid = {10F3511A-9F71-4763-9C09-04488FBD08F6}
	EndGlobalSection
EndGlobal
