
Microsoft Visual Studio Solution File, Format Version 12.00
# Visual Studio Version 16
VisualStudioVersion = 25.0.1706.0
MinimumVisualStudioVersion = 10.0.40219.1
Project("{FAE04EC0-301F-11D3-BF4B-00C04F79EFBC}") = "HabitTracker.MartinL-no", "HabitTracker.MartinL-no\HabitTracker.MartinL-no.csproj", "{35ACB151-734A-4391-9B1A-D9D90B2BCADD}"
EndProject
Global
	GlobalSection(SolutionConfigurationPlatforms) = preSolution
		Debug|Any CPU = Debug|Any CPU
		Release|Any CPU = Release|Any CPU
	EndGlobalSection
	GlobalSection(ProjectConfigurationPlatforms) = postSolution
		{35ACB151-734A-4391-9B1A-D9D90B2BCADD}.Debug|Any CPU.ActiveCfg = Debug|Any CPU
		{35ACB151-734A-4391-9B1A-D9D90B2BCADD}.Debug|Any CPU.Build.0 = Debug|Any CPU
		{35ACB151-734A-4391-9B1A-D9D90B2BCADD}.Release|Any CPU.ActiveCfg = Release|Any CPU
		{35ACB151-734A-4391-9B1A-D9D90B2BCADD}.Release|Any CPU.Build.0 = Release|Any CPU
	EndGlobalSection
	GlobalSection(SolutionProperties) = preSolution
		HideSolutionNode = FALSE
	EndGlobalSection
	GlobalSection(ExtensibilityGlobals) = postSolution
		SolutionGuid = {44EF1259-C700-45CA-8A2F-2E11065A29A6}
	EndGlobalSection
EndGlobal
