
Microsoft Visual Studio Solution File, Format Version 12.00
# Visual Studio Version 17
VisualStudioVersion = 17.6.33815.320
MinimumVisualStudioVersion = 10.0.40219.1
Project("{FAE04EC0-301F-11D3-BF4B-00C04F79EFBC}") = "HabitTracker.strawfervor", "HabitTracker.strawfervor\HabitTracker.strawfervor.csproj", "{90C41207-3D13-4A2C-BB44-AE0B438202D1}"
EndProject
Global
	GlobalSection(SolutionConfigurationPlatforms) = preSolution
		Debug|Any CPU = Debug|Any CPU
		Release|Any CPU = Release|Any CPU
	EndGlobalSection
	GlobalSection(ProjectConfigurationPlatforms) = postSolution
		{90C41207-3D13-4A2C-BB44-AE0B438202D1}.Debug|Any CPU.ActiveCfg = Debug|Any CPU
		{90C41207-3D13-4A2C-BB44-AE0B438202D1}.Debug|Any CPU.Build.0 = Debug|Any CPU
		{90C41207-3D13-4A2C-BB44-AE0B438202D1}.Release|Any CPU.ActiveCfg = Release|Any CPU
		{90C41207-3D13-4A2C-BB44-AE0B438202D1}.Release|Any CPU.Build.0 = Release|Any CPU
	EndGlobalSection
	GlobalSection(SolutionProperties) = preSolution
		HideSolutionNode = FALSE
	EndGlobalSection
	GlobalSection(ExtensibilityGlobals) = postSolution
		SolutionGuid = {E768BADA-E1B4-4F94-9048-20BB754421FD}
	EndGlobalSection
EndGlobal
