
Microsoft Visual Studio Solution File, Format Version 12.00
# Visual Studio Version 17
VisualStudioVersion = 17.10.35122.118
MinimumVisualStudioVersion = 10.0.40219.1
Project("{FAE04EC0-301F-11D3-BF4B-00C04F79EFBC}") = "StepsTracker.empty-codes", "StepsTracker.empty-codes.csproj", "{07037CBE-8C50-4015-84F3-3E61499B03B8}"
EndProject
Global
	GlobalSection(SolutionConfigurationPlatforms) = preSolution
		Debug|Any CPU = Debug|Any CPU
		Release|Any CPU = Release|Any CPU
	EndGlobalSection
	GlobalSection(ProjectConfigurationPlatforms) = postSolution
		{07037CBE-8C50-4015-84F3-3E61499B03B8}.Debug|Any CPU.ActiveCfg = Debug|Any CPU
		{07037CBE-8C50-4015-84F3-3E61499B03B8}.Debug|Any CPU.Build.0 = Debug|Any CPU
		{07037CBE-8C50-4015-84F3-3E61499B03B8}.Release|Any CPU.ActiveCfg = Release|Any CPU
		{07037CBE-8C50-4015-84F3-3E61499B03B8}.Release|Any CPU.Build.0 = Release|Any CPU
	EndGlobalSection
	GlobalSection(SolutionProperties) = preSolution
		HideSolutionNode = FALSE
	EndGlobalSection
	GlobalSection(ExtensibilityGlobals) = postSolution
		SolutionGuid = {F3384758-2D3D-4721-9937-0B474EB7BF4E}
	EndGlobalSection
EndGlobal
