
Microsoft Visual Studio Solution File, Format Version 12.00
# Visual Studio Version 17
VisualStudioVersion = 17.4.33110.190
MinimumVisualStudioVersion = 10.0.40219.1
Project("{FAE04EC0-301F-11D3-BF4B-00C04F79EFBC}") = "HabitTracker.alvaromosconi", "HabitTracker.alvaromosconi\HabitTracker.alvaromosconi.csproj", "{5DDB2C47-11CF-423B-8864-CA74D739B66B}"
EndProject
Global
	GlobalSection(SolutionConfigurationPlatforms) = preSolution
		Debug|Any CPU = Debug|Any CPU
		Release|Any CPU = Release|Any CPU
	EndGlobalSection
	GlobalSection(ProjectConfigurationPlatforms) = postSolution
		{5DDB2C47-11CF-423B-8864-CA74D739B66B}.Debug|Any CPU.ActiveCfg = Debug|Any CPU
		{5DDB2C47-11CF-423B-8864-CA74D739B66B}.Debug|Any CPU.Build.0 = Debug|Any CPU
		{5DDB2C47-11CF-423B-8864-CA74D739B66B}.Release|Any CPU.ActiveCfg = Release|Any CPU
		{5DDB2C47-11CF-423B-8864-CA74D739B66B}.Release|Any CPU.Build.0 = Release|Any CPU
	EndGlobalSection
	GlobalSection(SolutionProperties) = preSolution
		HideSolutionNode = FALSE
	EndGlobalSection
	GlobalSection(ExtensibilityGlobals) = postSolution
		SolutionGuid = {2594FFB4-83FA-425B-936C-7AA59B6637A1}
	EndGlobalSection
EndGlobal
