
Microsoft Visual Studio Solution File, Format Version 12.00
# Visual Studio Version 17
VisualStudioVersion = 17.11.35222.181
MinimumVisualStudioVersion = 10.0.40219.1
Project("{FAE04EC0-301F-11D3-BF4B-00C04F79EFBC}") = "Console.HabitTracker.oksanatk", "Console.HabitTracker.oksanatk.csproj", "{DD1F9878-C271-4BE8-A2CD-78F3812106B6}"
EndProject
Global
	GlobalSection(SolutionConfigurationPlatforms) = preSolution
		Debug|Any CPU = Debug|Any CPU
		Release|Any CPU = Release|Any CPU
	EndGlobalSection
	GlobalSection(ProjectConfigurationPlatforms) = postSolution
		{DD1F9878-C271-4BE8-A2CD-78F3812106B6}.Debug|Any CPU.ActiveCfg = Debug|Any CPU
		{DD1F9878-C271-4BE8-A2CD-78F3812106B6}.Debug|Any CPU.Build.0 = Debug|Any CPU
		{DD1F9878-C271-4BE8-A2CD-78F3812106B6}.Release|Any CPU.ActiveCfg = Release|Any CPU
		{DD1F9878-C271-4BE8-A2CD-78F3812106B6}.Release|Any CPU.Build.0 = Release|Any CPU
	EndGlobalSection
	GlobalSection(SolutionProperties) = preSolution
		HideSolutionNode = FALSE
	EndGlobalSection
	GlobalSection(ExtensibilityGlobals) = postSolution
		SolutionGuid = {1848654A-B489-4FA0-9C97-DF678C5BECA0}
	EndGlobalSection
EndGlobal
