
Microsoft Visual Studio Solution File, Format Version 12.00
# Visual Studio Version 17
VisualStudioVersion = 17.13.35818.85 d17.13
MinimumVisualStudioVersion = 10.0.40219.1
Project("{FAE04EC0-301F-11D3-BF4B-00C04F79EFBC}") = "HabitTracker.StressedBread", "HabitTracker.StressedBread\HabitTracker.StressedBread.csproj", "{A66BA592-7C04-4B09-BF22-9027D2E34F76}"
EndProject
Global
	GlobalSection(SolutionConfigurationPlatforms) = preSolution
		Debug|Any CPU = Debug|Any CPU
		Release|Any CPU = Release|Any CPU
	EndGlobalSection
	GlobalSection(ProjectConfigurationPlatforms) = postSolution
		{A66BA592-7C04-4B09-BF22-9027D2E34F76}.Debug|Any CPU.ActiveCfg = Debug|Any CPU
		{A66BA592-7C04-4B09-BF22-9027D2E34F76}.Debug|Any CPU.Build.0 = Debug|Any CPU
		{A66BA592-7C04-4B09-BF22-9027D2E34F76}.Release|Any CPU.ActiveCfg = Release|Any CPU
		{A66BA592-7C04-4B09-BF22-9027D2E34F76}.Release|Any CPU.Build.0 = Release|Any CPU
	EndGlobalSection
	GlobalSection(SolutionProperties) = preSolution
		HideSolutionNode = FALSE
	EndGlobalSection
	GlobalSection(ExtensibilityGlobals) = postSolution
		SolutionGuid = {0A9B8316-6200-4203-A592-86977A813C3E}
	EndGlobalSection
EndGlobal
